lockfileVersion: '9.0'

settings:
  autoInstallPeers: true
  excludeLinksFromLockfile: false

importers:

  .:
    devDependencies:
      '@sveltejs/adapter-auto':
        specifier: ^6.0.0
        version: 6.0.0(@sveltejs/kit@2.20.7(@sveltejs/vite-plugin-svelte@5.0.3(svelte@5.28.1)(vite@6.3.2(jiti@2.4.2)(lightningcss@1.29.2)(yaml@2.7.0)))(svelte@5.28.1)(vite@6.3.2(jiti@2.4.2)(lightningcss@1.29.2)(yaml@2.7.0)))
      '@sveltejs/kit':
        specifier: ^2.20.7
        version: 2.20.7(@sveltejs/vite-plugin-svelte@5.0.3(svelte@5.28.1)(vite@6.3.2(jiti@2.4.2)(lightningcss@1.29.2)(yaml@2.7.0)))(svelte@5.28.1)(vite@6.3.2(jiti@2.4.2)(lightningcss@1.29.2)(yaml@2.7.0))
      '@sveltejs/vite-plugin-svelte':
        specifier: ^5.0.3
        version: 5.0.3(svelte@5.28.1)(vite@6.3.2(jiti@2.4.2)(lightningcss@1.29.2)(yaml@2.7.0))
      '@tailwindcss/vite':
        specifier: ^4.1.4
        version: 4.1.4(vite@6.3.2(jiti@2.4.2)(lightningcss@1.29.2)(yaml@2.7.0))
      prettier:
        specifier: ^3.5.3
        version: 3.5.3
      prettier-plugin-svelte:
        specifier: ^3.3.3
        version: 3.3.3(prettier@3.5.3)(svelte@5.28.1)
      svelte:
        specifier: ^5.28.1
        version: 5.28.1
      svelte-check:
        specifier: ^4.1.6
        version: 4.1.6(picomatch@4.0.2)(svelte@5.28.1)(typescript@5.8.3)
      svelte-compare-slider:
        specifier: ^0.2.0
        version: 0.2.0(svelte@5.28.1)
      svelte-meta-tags:
        specifier: ^4.2.0
        version: 4.2.0(svelte@5.28.1)
      sveltekit-i18n:
        specifier: ^2.4.2
        version: 2.4.2(svelte@5.28.1)
      tailwindcss:
        specifier: ^4.1.4
        version: 4.1.4
      typescript:
        specifier: ^5.8.3
        version: 5.8.3
      vite:
        specifier: ^6.3.2
        version: 6.3.2(jiti@2.4.2)(lightningcss@1.29.2)(yaml@2.7.0)

packages:

  '@ampproject/remapping@2.3.0':
    resolution: {integrity: sha512-30iZtAPgz+LTIYoeivqYo853f02jBYSd5uGnGpkFV0M3xOt9aN73erkgYAmZU43x4VfqcnLxW9Kpg3R5LC4YYw==}
    engines: {node: '>=6.0.0'}

  '@esbuild/aix-ppc64@0.25.2':
    resolution: {integrity: sha512-wCIboOL2yXZym2cgm6mlA742s9QeJ8DjGVaL39dLN4rRwrOgOyYSnOaFPhKZGLb2ngj4EyfAFjsNJwPXZvseag==}
    engines: {node: '>=18'}
    cpu: [ppc64]
    os: [aix]

  '@esbuild/android-arm64@0.25.2':
    resolution: {integrity: sha512-5ZAX5xOmTligeBaeNEPnPaeEuah53Id2tX4c2CVP3JaROTH+j4fnfHCkr1PjXMd78hMst+TlkfKcW/DlTq0i4w==}
    engines: {node: '>=18'}
    cpu: [arm64]
    os: [android]

  '@esbuild/android-arm@0.25.2':
    resolution: {integrity: sha512-NQhH7jFstVY5x8CKbcfa166GoV0EFkaPkCKBQkdPJFvo5u+nGXLEH/ooniLb3QI8Fk58YAx7nsPLozUWfCBOJA==}
    engines: {node: '>=18'}
    cpu: [arm]
    os: [android]

  '@esbuild/android-x64@0.25.2':
    resolution: {integrity: sha512-Ffcx+nnma8Sge4jzddPHCZVRvIfQ0kMsUsCMcJRHkGJ1cDmhe4SsrYIjLUKn1xpHZybmOqCWwB0zQvsjdEHtkg==}
    engines: {node: '>=18'}
    cpu: [x64]
    os: [android]

  '@esbuild/darwin-arm64@0.25.2':
    resolution: {integrity: sha512-MpM6LUVTXAzOvN4KbjzU/q5smzryuoNjlriAIx+06RpecwCkL9JpenNzpKd2YMzLJFOdPqBpuub6eVRP5IgiSA==}
    engines: {node: '>=18'}
    cpu: [arm64]
    os: [darwin]

  '@esbuild/darwin-x64@0.25.2':
    resolution: {integrity: sha512-5eRPrTX7wFyuWe8FqEFPG2cU0+butQQVNcT4sVipqjLYQjjh8a8+vUTfgBKM88ObB85ahsnTwF7PSIt6PG+QkA==}
    engines: {node: '>=18'}
    cpu: [x64]
    os: [darwin]

  '@esbuild/freebsd-arm64@0.25.2':
    resolution: {integrity: sha512-mLwm4vXKiQ2UTSX4+ImyiPdiHjiZhIaE9QvC7sw0tZ6HoNMjYAqQpGyui5VRIi5sGd+uWq940gdCbY3VLvsO1w==}
    engines: {node: '>=18'}
    cpu: [arm64]
    os: [freebsd]

  '@esbuild/freebsd-x64@0.25.2':
    resolution: {integrity: sha512-6qyyn6TjayJSwGpm8J9QYYGQcRgc90nmfdUb0O7pp1s4lTY+9D0H9O02v5JqGApUyiHOtkz6+1hZNvNtEhbwRQ==}
    engines: {node: '>=18'}
    cpu: [x64]
    os: [freebsd]

  '@esbuild/linux-arm64@0.25.2':
    resolution: {integrity: sha512-gq/sjLsOyMT19I8obBISvhoYiZIAaGF8JpeXu1u8yPv8BE5HlWYobmlsfijFIZ9hIVGYkbdFhEqC0NvM4kNO0g==}
    engines: {node: '>=18'}
    cpu: [arm64]
    os: [linux]

  '@esbuild/linux-arm@0.25.2':
    resolution: {integrity: sha512-UHBRgJcmjJv5oeQF8EpTRZs/1knq6loLxTsjc3nxO9eXAPDLcWW55flrMVc97qFPbmZP31ta1AZVUKQzKTzb0g==}
    engines: {node: '>=18'}
    cpu: [arm]
    os: [linux]

  '@esbuild/linux-ia32@0.25.2':
    resolution: {integrity: sha512-bBYCv9obgW2cBP+2ZWfjYTU+f5cxRoGGQ5SeDbYdFCAZpYWrfjjfYwvUpP8MlKbP0nwZ5gyOU/0aUzZ5HWPuvQ==}
    engines: {node: '>=18'}
    cpu: [ia32]
    os: [linux]

  '@esbuild/linux-loong64@0.25.2':
    resolution: {integrity: sha512-SHNGiKtvnU2dBlM5D8CXRFdd+6etgZ9dXfaPCeJtz+37PIUlixvlIhI23L5khKXs3DIzAn9V8v+qb1TRKrgT5w==}
    engines: {node: '>=18'}
    cpu: [loong64]
    os: [linux]

  '@esbuild/linux-mips64el@0.25.2':
    resolution: {integrity: sha512-hDDRlzE6rPeoj+5fsADqdUZl1OzqDYow4TB4Y/3PlKBD0ph1e6uPHzIQcv2Z65u2K0kpeByIyAjCmjn1hJgG0Q==}
    engines: {node: '>=18'}
    cpu: [mips64el]
    os: [linux]

  '@esbuild/linux-ppc64@0.25.2':
    resolution: {integrity: sha512-tsHu2RRSWzipmUi9UBDEzc0nLc4HtpZEI5Ba+Omms5456x5WaNuiG3u7xh5AO6sipnJ9r4cRWQB2tUjPyIkc6g==}
    engines: {node: '>=18'}
    cpu: [ppc64]
    os: [linux]

  '@esbuild/linux-riscv64@0.25.2':
    resolution: {integrity: sha512-k4LtpgV7NJQOml/10uPU0s4SAXGnowi5qBSjaLWMojNCUICNu7TshqHLAEbkBdAszL5TabfvQ48kK84hyFzjnw==}
    engines: {node: '>=18'}
    cpu: [riscv64]
    os: [linux]

  '@esbuild/linux-s390x@0.25.2':
    resolution: {integrity: sha512-GRa4IshOdvKY7M/rDpRR3gkiTNp34M0eLTaC1a08gNrh4u488aPhuZOCpkF6+2wl3zAN7L7XIpOFBhnaE3/Q8Q==}
    engines: {node: '>=18'}
    cpu: [s390x]
    os: [linux]

  '@esbuild/linux-x64@0.25.2':
    resolution: {integrity: sha512-QInHERlqpTTZ4FRB0fROQWXcYRD64lAoiegezDunLpalZMjcUcld3YzZmVJ2H/Cp0wJRZ8Xtjtj0cEHhYc/uUg==}
    engines: {node: '>=18'}
    cpu: [x64]
    os: [linux]

  '@esbuild/netbsd-arm64@0.25.2':
    resolution: {integrity: sha512-talAIBoY5M8vHc6EeI2WW9d/CkiO9MQJ0IOWX8hrLhxGbro/vBXJvaQXefW2cP0z0nQVTdQ/eNyGFV1GSKrxfw==}
    engines: {node: '>=18'}
    cpu: [arm64]
    os: [netbsd]

  '@esbuild/netbsd-x64@0.25.2':
    resolution: {integrity: sha512-voZT9Z+tpOxrvfKFyfDYPc4DO4rk06qamv1a/fkuzHpiVBMOhpjK+vBmWM8J1eiB3OLSMFYNaOaBNLXGChf5tg==}
    engines: {node: '>=18'}
    cpu: [x64]
    os: [netbsd]

  '@esbuild/openbsd-arm64@0.25.2':
    resolution: {integrity: sha512-dcXYOC6NXOqcykeDlwId9kB6OkPUxOEqU+rkrYVqJbK2hagWOMrsTGsMr8+rW02M+d5Op5NNlgMmjzecaRf7Tg==}
    engines: {node: '>=18'}
    cpu: [arm64]
    os: [openbsd]

  '@esbuild/openbsd-x64@0.25.2':
    resolution: {integrity: sha512-t/TkWwahkH0Tsgoq1Ju7QfgGhArkGLkF1uYz8nQS/PPFlXbP5YgRpqQR3ARRiC2iXoLTWFxc6DJMSK10dVXluw==}
    engines: {node: '>=18'}
    cpu: [x64]
    os: [openbsd]

  '@esbuild/sunos-x64@0.25.2':
    resolution: {integrity: sha512-cfZH1co2+imVdWCjd+D1gf9NjkchVhhdpgb1q5y6Hcv9TP6Zi9ZG/beI3ig8TvwT9lH9dlxLq5MQBBgwuj4xvA==}
    engines: {node: '>=18'}
    cpu: [x64]
    os: [sunos]

  '@esbuild/win32-arm64@0.25.2':
    resolution: {integrity: sha512-7Loyjh+D/Nx/sOTzV8vfbB3GJuHdOQyrOryFdZvPHLf42Tk9ivBU5Aedi7iyX+x6rbn2Mh68T4qq1SDqJBQO5Q==}
    engines: {node: '>=18'}
    cpu: [arm64]
    os: [win32]

  '@esbuild/win32-ia32@0.25.2':
    resolution: {integrity: sha512-WRJgsz9un0nqZJ4MfhabxaD9Ft8KioqU3JMinOTvobbX6MOSUigSBlogP8QB3uxpJDsFS6yN+3FDBdqE5lg9kg==}
    engines: {node: '>=18'}
    cpu: [ia32]
    os: [win32]

  '@esbuild/win32-x64@0.25.2':
    resolution: {integrity: sha512-kM3HKb16VIXZyIeVrM1ygYmZBKybX8N4p754bw390wGO3Tf2j4L2/WYL+4suWujpgf6GBYs3jv7TyUivdd05JA==}
    engines: {node: '>=18'}
    cpu: [x64]
    os: [win32]

  '@jridgewell/gen-mapping@0.3.8':
    resolution: {integrity: sha512-imAbBGkb+ebQyxKgzv5Hu2nmROxoDOXHh80evxdoXNOrvAnVx7zimzc1Oo5h9RlfV4vPXaE2iM5pOFbvOCClWA==}
    engines: {node: '>=6.0.0'}

  '@jridgewell/resolve-uri@3.1.2':
    resolution: {integrity: sha512-bRISgCIjP20/tbWSPWMEi54QVPRZExkuD9lJL+UIxUKtwVJA8wW1Trb1jMs1RFXo1CBTNZ/5hpC9QvmKWdopKw==}
    engines: {node: '>=6.0.0'}

  '@jridgewell/set-array@1.2.1':
    resolution: {integrity: sha512-R8gLRTZeyp03ymzP/6Lil/28tGeGEzhx1q2k703KGWRAI1VdvPIXdG70VJc2pAMw3NA6JKL5hhFu1sJX0Mnn/A==}
    engines: {node: '>=6.0.0'}

  '@jridgewell/sourcemap-codec@1.5.0':
    resolution: {integrity: sha512-gv3ZRaISU3fjPAgNsriBRqGWQL6quFx04YMPW/zD8XMLsU32mhCCbfbO6KZFLjvYpCZ8zyDEgqsgf+PwPaM7GQ==}

  '@jridgewell/trace-mapping@0.3.25':
    resolution: {integrity: sha512-vNk6aEwybGtawWmy/PzwnGDOjCkLWSD2wqvjGGAgOAwCGWySYXfYoxt00IJkTF+8Lb57DwOb3Aa0o9CApepiYQ==}

  '@polka/url@1.0.0-next.29':
    resolution: {integrity: sha512-wwQAWhWSuHaag8c4q/KN/vCoeOJYshAIvMQwD4GpSb3OiZklFfvAgmj0VCBBImRpuF/aFgIRzllXlVX93Jevww==}

  '@rollup/rollup-android-arm-eabi@4.40.0':
    resolution: {integrity: sha512-+Fbls/diZ0RDerhE8kyC6hjADCXA1K4yVNlH0EYfd2XjyH0UGgzaQ8MlT0pCXAThfxv3QUAczHaL+qSv1E4/Cg==}
    cpu: [arm]
    os: [android]

  '@rollup/rollup-android-arm64@4.40.0':
    resolution: {integrity: sha512-PPA6aEEsTPRz+/4xxAmaoWDqh67N7wFbgFUJGMnanCFs0TV99M0M8QhhaSCks+n6EbQoFvLQgYOGXxlMGQe/6w==}
    cpu: [arm64]
    os: [android]

  '@rollup/rollup-darwin-arm64@4.40.0':
    resolution: {integrity: sha512-GwYOcOakYHdfnjjKwqpTGgn5a6cUX7+Ra2HeNj/GdXvO2VJOOXCiYYlRFU4CubFM67EhbmzLOmACKEfvp3J1kQ==}
    cpu: [arm64]
    os: [darwin]

  '@rollup/rollup-darwin-x64@4.40.0':
    resolution: {integrity: sha512-CoLEGJ+2eheqD9KBSxmma6ld01czS52Iw0e2qMZNpPDlf7Z9mj8xmMemxEucinev4LgHalDPczMyxzbq+Q+EtA==}
    cpu: [x64]
    os: [darwin]

  '@rollup/rollup-freebsd-arm64@4.40.0':
    resolution: {integrity: sha512-r7yGiS4HN/kibvESzmrOB/PxKMhPTlz+FcGvoUIKYoTyGd5toHp48g1uZy1o1xQvybwwpqpe010JrcGG2s5nkg==}
    cpu: [arm64]
    os: [freebsd]

  '@rollup/rollup-freebsd-x64@4.40.0':
    resolution: {integrity: sha512-mVDxzlf0oLzV3oZOr0SMJ0lSDd3xC4CmnWJ8Val8isp9jRGl5Dq//LLDSPFrasS7pSm6m5xAcKaw3sHXhBjoRw==}
    cpu: [x64]
    os: [freebsd]

  '@rollup/rollup-linux-arm-gnueabihf@4.40.0':
    resolution: {integrity: sha512-y/qUMOpJxBMy8xCXD++jeu8t7kzjlOCkoxxajL58G62PJGBZVl/Gwpm7JK9+YvlB701rcQTzjUZ1JgUoPTnoQA==}
    cpu: [arm]
    os: [linux]

  '@rollup/rollup-linux-arm-musleabihf@4.40.0':
    resolution: {integrity: sha512-GoCsPibtVdJFPv/BOIvBKO/XmwZLwaNWdyD8TKlXuqp0veo2sHE+A/vpMQ5iSArRUz/uaoj4h5S6Pn0+PdhRjg==}
    cpu: [arm]
    os: [linux]

  '@rollup/rollup-linux-arm64-gnu@4.40.0':
    resolution: {integrity: sha512-L5ZLphTjjAD9leJzSLI7rr8fNqJMlGDKlazW2tX4IUF9P7R5TMQPElpH82Q7eNIDQnQlAyiNVfRPfP2vM5Avvg==}
    cpu: [arm64]
    os: [linux]

  '@rollup/rollup-linux-arm64-musl@4.40.0':
    resolution: {integrity: sha512-ATZvCRGCDtv1Y4gpDIXsS+wfFeFuLwVxyUBSLawjgXK2tRE6fnsQEkE4csQQYWlBlsFztRzCnBvWVfcae/1qxQ==}
    cpu: [arm64]
    os: [linux]

  '@rollup/rollup-linux-loongarch64-gnu@4.40.0':
    resolution: {integrity: sha512-wG9e2XtIhd++QugU5MD9i7OnpaVb08ji3P1y/hNbxrQ3sYEelKJOq1UJ5dXczeo6Hj2rfDEL5GdtkMSVLa/AOg==}
    cpu: [loong64]
    os: [linux]

  '@rollup/rollup-linux-powerpc64le-gnu@4.40.0':
    resolution: {integrity: sha512-vgXfWmj0f3jAUvC7TZSU/m/cOE558ILWDzS7jBhiCAFpY2WEBn5jqgbqvmzlMjtp8KlLcBlXVD2mkTSEQE6Ixw==}
    cpu: [ppc64]
    os: [linux]

  '@rollup/rollup-linux-riscv64-gnu@4.40.0':
    resolution: {integrity: sha512-uJkYTugqtPZBS3Z136arevt/FsKTF/J9dEMTX/cwR7lsAW4bShzI2R0pJVw+hcBTWF4dxVckYh72Hk3/hWNKvA==}
    cpu: [riscv64]
    os: [linux]

  '@rollup/rollup-linux-riscv64-musl@4.40.0':
    resolution: {integrity: sha512-rKmSj6EXQRnhSkE22+WvrqOqRtk733x3p5sWpZilhmjnkHkpeCgWsFFo0dGnUGeA+OZjRl3+VYq+HyCOEuwcxQ==}
    cpu: [riscv64]
    os: [linux]

  '@rollup/rollup-linux-s390x-gnu@4.40.0':
    resolution: {integrity: sha512-SpnYlAfKPOoVsQqmTFJ0usx0z84bzGOS9anAC0AZ3rdSo3snecihbhFTlJZ8XMwzqAcodjFU4+/SM311dqE5Sw==}
    cpu: [s390x]
    os: [linux]

  '@rollup/rollup-linux-x64-gnu@4.40.0':
    resolution: {integrity: sha512-RcDGMtqF9EFN8i2RYN2W+64CdHruJ5rPqrlYw+cgM3uOVPSsnAQps7cpjXe9be/yDp8UC7VLoCoKC8J3Kn2FkQ==}
    cpu: [x64]
    os: [linux]

  '@rollup/rollup-linux-x64-musl@4.40.0':
    resolution: {integrity: sha512-HZvjpiUmSNx5zFgwtQAV1GaGazT2RWvqeDi0hV+AtC8unqqDSsaFjPxfsO6qPtKRRg25SisACWnJ37Yio8ttaw==}
    cpu: [x64]
    os: [linux]

  '@rollup/rollup-win32-arm64-msvc@4.40.0':
    resolution: {integrity: sha512-UtZQQI5k/b8d7d3i9AZmA/t+Q4tk3hOC0tMOMSq2GlMYOfxbesxG4mJSeDp0EHs30N9bsfwUvs3zF4v/RzOeTQ==}
    cpu: [arm64]
    os: [win32]

  '@rollup/rollup-win32-ia32-msvc@4.40.0':
    resolution: {integrity: sha512-+m03kvI2f5syIqHXCZLPVYplP8pQch9JHyXKZ3AGMKlg8dCyr2PKHjwRLiW53LTrN/Nc3EqHOKxUxzoSPdKddA==}
    cpu: [ia32]
    os: [win32]

  '@rollup/rollup-win32-x64-msvc@4.40.0':
    resolution: {integrity: sha512-lpPE1cLfP5oPzVjKMx10pgBmKELQnFJXHgvtHCtuJWOv8MxqdEIMNtgHgBFf7Ea2/7EuVwa9fodWUfXAlXZLZQ==}
    cpu: [x64]
    os: [win32]

  '@sveltejs/acorn-typescript@1.0.5':
    resolution: {integrity: sha512-IwQk4yfwLdibDlrXVE04jTZYlLnwsTT2PIOQQGNLWfjavGifnk1JD1LcZjZaBTRcxZu2FfPfNLOE04DSu9lqtQ==}
    peerDependencies:
      acorn: ^8.9.0

  '@sveltejs/adapter-auto@6.0.0':
    resolution: {integrity: sha512-7mR2/G7vlXakaOj6QBSG9dwBfTgWjV+UnEMB5Z6Xu0ZbdXda6c0su1fNkg0ab0zlilSkloMA2NjCna02/DR7sA==}
    peerDependencies:
      '@sveltejs/kit': ^2.0.0

  '@sveltejs/kit@2.20.7':
    resolution: {integrity: sha512-dVbLMubpJJSLI4OYB+yWYNHGAhgc2bVevWuBjDj8jFUXIJOAnLwYP3vsmtcgoxNGUXoq0rHS5f7MFCsryb6nzg==}
    engines: {node: '>=18.13'}
    hasBin: true
    peerDependencies:
      '@sveltejs/vite-plugin-svelte': ^3.0.0 || ^4.0.0-next.1 || ^5.0.0
      svelte: ^4.0.0 || ^5.0.0-next.0
      vite: ^5.0.3 || ^6.0.0

  '@sveltejs/vite-plugin-svelte-inspector@4.0.1':
    resolution: {integrity: sha512-J/Nmb2Q2y7mck2hyCX4ckVHcR5tu2J+MtBEQqpDrrgELZ2uvraQcK/ioCV61AqkdXFgriksOKIceDcQmqnGhVw==}
    engines: {node: ^18.0.0 || ^20.0.0 || >=22}
    peerDependencies:
      '@sveltejs/vite-plugin-svelte': ^5.0.0
      svelte: ^5.0.0
      vite: ^6.0.0

  '@sveltejs/vite-plugin-svelte@5.0.3':
    resolution: {integrity: sha512-MCFS6CrQDu1yGwspm4qtli0e63vaPCehf6V7pIMP15AsWgMKrqDGCPFF/0kn4SP0ii4aySu4Pa62+fIRGFMjgw==}
    engines: {node: ^18.0.0 || ^20.0.0 || >=22}
    peerDependencies:
      svelte: ^5.0.0
      vite: ^6.0.0

  '@sveltekit-i18n/base@1.3.7':
    resolution: {integrity: sha512-kg1kql1/ro/lIudwFiWrv949Q07gmweln87tflUZR51MNdXXzK4fiJQv5Mw50K/CdQ5BOk/dJ0WOH2vOtBI6yw==}
    peerDependencies:
      svelte: '>=3.49.0'

  '@sveltekit-i18n/parser-default@1.1.1':
    resolution: {integrity: sha512-/gtzLlqm/sox7EoPKD56BxGZktK/syGc79EbJAPWY5KVitQD9SM0TP8yJCqDxTVPk7Lk0WJhrBGUE2Nn0f5M1w==}

  '@tailwindcss/node@4.1.4':
    resolution: {integrity: sha512-MT5118zaiO6x6hNA04OWInuAiP1YISXql8Z+/Y8iisV5nuhM8VXlyhRuqc2PEviPszcXI66W44bCIk500Oolhw==}

  '@tailwindcss/oxide-android-arm64@4.1.4':
    resolution: {integrity: sha512-xMMAe/SaCN/vHfQYui3fqaBDEXMu22BVwQ33veLc8ep+DNy7CWN52L+TTG9y1K397w9nkzv+Mw+mZWISiqhmlA==}
    engines: {node: '>= 10'}
    cpu: [arm64]
    os: [android]

  '@tailwindcss/oxide-darwin-arm64@4.1.4':
    resolution: {integrity: sha512-JGRj0SYFuDuAGilWFBlshcexev2hOKfNkoX+0QTksKYq2zgF9VY/vVMq9m8IObYnLna0Xlg+ytCi2FN2rOL0Sg==}
    engines: {node: '>= 10'}
    cpu: [arm64]
    os: [darwin]

  '@tailwindcss/oxide-darwin-x64@4.1.4':
    resolution: {integrity: sha512-sdDeLNvs3cYeWsEJ4H1DvjOzaGios4QbBTNLVLVs0XQ0V95bffT3+scptzYGPMjm7xv4+qMhCDrkHwhnUySEzA==}
    engines: {node: '>= 10'}
    cpu: [x64]
    os: [darwin]

  '@tailwindcss/oxide-freebsd-x64@4.1.4':
    resolution: {integrity: sha512-VHxAqxqdghM83HslPhRsNhHo91McsxRJaEnShJOMu8mHmEj9Ig7ToHJtDukkuLWLzLboh2XSjq/0zO6wgvykNA==}
    engines: {node: '>= 10'}
    cpu: [x64]
    os: [freebsd]

  '@tailwindcss/oxide-linux-arm-gnueabihf@4.1.4':
    resolution: {integrity: sha512-OTU/m/eV4gQKxy9r5acuesqaymyeSCnsx1cFto/I1WhPmi5HDxX1nkzb8KYBiwkHIGg7CTfo/AcGzoXAJBxLfg==}
    engines: {node: '>= 10'}
    cpu: [arm]
    os: [linux]

  '@tailwindcss/oxide-linux-arm64-gnu@4.1.4':
    resolution: {integrity: sha512-hKlLNvbmUC6z5g/J4H+Zx7f7w15whSVImokLPmP6ff1QqTVE+TxUM9PGuNsjHvkvlHUtGTdDnOvGNSEUiXI1Ww==}
    engines: {node: '>= 10'}
    cpu: [arm64]
    os: [linux]

  '@tailwindcss/oxide-linux-arm64-musl@4.1.4':
    resolution: {integrity: sha512-X3As2xhtgPTY/m5edUtddmZ8rCruvBvtxYLMw9OsZdH01L2gS2icsHRwxdU0dMItNfVmrBezueXZCHxVeeb7Aw==}
    engines: {node: '>= 10'}
    cpu: [arm64]
    os: [linux]

  '@tailwindcss/oxide-linux-x64-gnu@4.1.4':
    resolution: {integrity: sha512-2VG4DqhGaDSmYIu6C4ua2vSLXnJsb/C9liej7TuSO04NK+JJJgJucDUgmX6sn7Gw3Cs5ZJ9ZLrnI0QRDOjLfNQ==}
    engines: {node: '>= 10'}
    cpu: [x64]
    os: [linux]

  '@tailwindcss/oxide-linux-x64-musl@4.1.4':
    resolution: {integrity: sha512-v+mxVgH2kmur/X5Mdrz9m7TsoVjbdYQT0b4Z+dr+I4RvreCNXyCFELZL/DO0M1RsidZTrm6O1eMnV6zlgEzTMQ==}
    engines: {node: '>= 10'}
    cpu: [x64]
    os: [linux]

  '@tailwindcss/oxide-wasm32-wasi@4.1.4':
    resolution: {integrity: sha512-2TLe9ir+9esCf6Wm+lLWTMbgklIjiF0pbmDnwmhR9MksVOq+e8aP3TSsXySnBDDvTTVd/vKu1aNttEGj3P6l8Q==}
    engines: {node: '>=14.0.0'}
    cpu: [wasm32]
    bundledDependencies:
      - '@napi-rs/wasm-runtime'
      - '@emnapi/core'
      - '@emnapi/runtime'
      - '@tybys/wasm-util'
      - '@emnapi/wasi-threads'
      - tslib

  '@tailwindcss/oxide-win32-arm64-msvc@4.1.4':
    resolution: {integrity: sha512-VlnhfilPlO0ltxW9/BgfLI5547PYzqBMPIzRrk4W7uupgCt8z6Trw/tAj6QUtF2om+1MH281Pg+HHUJoLesmng==}
    engines: {node: '>= 10'}
    cpu: [arm64]
    os: [win32]

  '@tailwindcss/oxide-win32-x64-msvc@4.1.4':
    resolution: {integrity: sha512-+7S63t5zhYjslUGb8NcgLpFXD+Kq1F/zt5Xv5qTv7HaFTG/DHyHD9GA6ieNAxhgyA4IcKa/zy7Xx4Oad2/wuhw==}
    engines: {node: '>= 10'}
    cpu: [x64]
    os: [win32]

  '@tailwindcss/oxide@4.1.4':
    resolution: {integrity: sha512-p5wOpXyOJx7mKh5MXh5oKk+kqcz8T+bA3z/5VWWeQwFrmuBItGwz8Y2CHk/sJ+dNb9B0nYFfn0rj/cKHZyjahQ==}
    engines: {node: '>= 10'}

  '@tailwindcss/vite@4.1.4':
    resolution: {integrity: sha512-4UQeMrONbvrsXKXXp/uxmdEN5JIJ9RkH7YVzs6AMxC/KC1+Np7WZBaNIco7TEjlkthqxZbt8pU/ipD+hKjm80A==}
    peerDependencies:
      vite: ^5.2.0 || ^6

  '@types/cookie@0.6.0':
    resolution: {integrity: sha512-4Kh9a6B2bQciAhf7FSuMRRkUWecJgJu9nPnx3yzpsfXX/c50REIqpHY4C82bXP90qrLtXtkDxTZosYO3UpOwlA==}

  '@types/estree@1.0.7':
    resolution: {integrity: sha512-w28IoSUCJpidD/TGviZwwMJckNESJZXFu7NBZ5YJ4mEUnNraUn9Pm8HSZm/jDF1pDWYKspWE7oVphigUPRakIQ==}

  acorn@8.14.1:
    resolution: {integrity: sha512-OvQ/2pUDKmgfCg++xsTX1wGxfTaszcHVcTctW4UJB4hibJx2HXxxO5UmVgyjMa+ZDsiaf5wWLXYpRWMmBI0QHg==}
    engines: {node: '>=0.4.0'}
    hasBin: true

  aria-query@5.3.2:
    resolution: {integrity: sha512-COROpnaoap1E2F000S62r6A60uHZnmlvomhfyT2DlTcrY1OrBKn2UhH7qn5wTC9zMvD0AY7csdPSNwKP+7WiQw==}
    engines: {node: '>= 0.4'}

  axobject-query@4.1.0:
    resolution: {integrity: sha512-qIj0G9wZbMGNLjLmg1PT6v2mE9AH2zlnADJD/2tC6E00hgmhUOfEB6greHPAfLRSufHqROIUTkw6E+M3lH0PTQ==}
    engines: {node: '>= 0.4'}

  chokidar@4.0.3:
    resolution: {integrity: sha512-Qgzu8kfBvo+cA4962jnP1KkS6Dop5NS6g7R5LFYJr4b8Ub94PPQXUksCw9PvXoeXPRRddRNC5C1JQUR2SMGtnA==}
    engines: {node: '>= 14.16.0'}

  clsx@2.1.1:
    resolution: {integrity: sha512-eYm0QWBtUrBWZWG0d386OGAw16Z995PiOVo2B7bjWSbHedGl5e0ZWaq65kOGgUSNesEIDkB9ISbTg/JK9dhCZA==}
    engines: {node: '>=6'}

  cookie@0.6.0:
    resolution: {integrity: sha512-U71cyTamuh1CRNCfpGY6to28lxvNwPG4Guz/EVjgf3Jmzv0vlDp1atT9eS5dDjMYHucpHbWns6Lwf3BKz6svdw==}
    engines: {node: '>= 0.6'}

  debug@4.4.0:
    resolution: {integrity: sha512-6WTZ/IxCY/T6BALoZHaE4ctp9xm+Z5kY/pzYaCHRFeyVhojxlrm+46y68HA6hr0TcwEssoxNiDEUJQjfPZ/RYA==}
    engines: {node: '>=6.0'}
    peerDependencies:
      supports-color: '*'
    peerDependenciesMeta:
      supports-color:
        optional: true

  deepmerge@4.3.1:
    resolution: {integrity: sha512-3sUqbMEc77XqpdNO7FRyRog+eW3ph+GYCbj+rK+uYyRMuwsVy0rMiVtPn+QJlKFvWP/1PYpapqYn0Me2knFn+A==}
    engines: {node: '>=0.10.0'}

  detect-libc@2.0.3:
    resolution: {integrity: sha512-bwy0MGW55bG41VqxxypOsdSdGqLwXPI/focwgTYCFMbdUiBAxLg9CFzG08sz2aqzknwiX7Hkl0bQENjg8iLByw==}
    engines: {node: '>=8'}

  devalue@5.1.1:
    resolution: {integrity: sha512-maua5KUiapvEwiEAe+XnlZ3Rh0GD+qI1J/nb9vrJc3muPXvcF/8gXYTWF76+5DAqHyDUtOIImEuo0YKE9mshVw==}

  enhanced-resolve@5.18.1:
    resolution: {integrity: sha512-ZSW3ma5GkcQBIpwZTSRAI8N71Uuwgs93IezB7mf7R60tC8ZbJideoDNKjHn2O9KIlx6rkGTTEk1xUCK2E1Y2Yg==}
    engines: {node: '>=10.13.0'}

  esbuild@0.25.2:
    resolution: {integrity: sha512-16854zccKPnC+toMywC+uKNeYSv+/eXkevRAfwRD/G9Cleq66m8XFIrigkbvauLLlCfDL45Q2cWegSg53gGBnQ==}
    engines: {node: '>=18'}
    hasBin: true

  esm-env@1.2.2:
    resolution: {integrity: sha512-Epxrv+Nr/CaL4ZcFGPJIYLWFom+YeV1DqMLHJoEd9SYRxNbaFruBwfEX/kkHUJf55j2+TUbmDcmuilbP1TmXHA==}

  esrap@1.4.6:
    resolution: {integrity: sha512-F/D2mADJ9SHY3IwksD4DAXjTt7qt7GWUf3/8RhCNWmC/67tyb55dpimHmy7EplakFaflV0R/PC+fdSPqrRHAQw==}

  fdir@6.4.4:
    resolution: {integrity: sha512-1NZP+GK4GfuAv3PqKvxQRDMjdSRZjnkq7KfhlNrCNNlZ0ygQFpebfrnfnq/W7fpUnAv9aGWmY1zKx7FYL3gwhg==}
    peerDependencies:
      picomatch: ^3 || ^4
    peerDependenciesMeta:
      picomatch:
        optional: true

  fsevents@2.3.3:
    resolution: {integrity: sha512-5xoDfX+fL7faATnagmWPpbFtwh/R77WmMMqqHGS65C3vvB0YHrgF+B1YmZ3441tMj5n63k0212XNoJwzlhffQw==}
    engines: {node: ^8.16.0 || ^10.6.0 || >=11.0.0}
    os: [darwin]

  graceful-fs@4.2.11:
    resolution: {integrity: sha512-RbJ5/jmFcNNCcDV5o9eTnBLJ/HszWV0P73bc+Ff4nS/rJj+YaS6IGyiOL0VoBYX+l1Wrl3k63h/KrH+nhJ0XvQ==}

  import-meta-resolve@4.1.0:
    resolution: {integrity: sha512-I6fiaX09Xivtk+THaMfAwnA3MVA5Big1WHF1Dfx9hFuvNIWpXnorlkzhcQf6ehrqQiiZECRt1poOAkPmer3ruw==}

  is-reference@3.0.3:
    resolution: {integrity: sha512-ixkJoqQvAP88E6wLydLGGqCJsrFUnqoH6HnaczB8XmDH1oaWU+xxdptvikTgaEhtZ53Ky6YXiBuUI2WXLMCwjw==}

  jiti@2.4.2:
    resolution: {integrity: sha512-rg9zJN+G4n2nfJl5MW3BMygZX56zKPNVEYYqq7adpmMh4Jn2QNEwhvQlFy6jPVdcod7txZtKHWnyZiA3a0zP7A==}
    hasBin: true

  kleur@4.1.5:
    resolution: {integrity: sha512-o+NO+8WrRiQEE4/7nwRJhN1HWpVmJm511pBHUxPLtp0BUISzlBplORYSmTclCnJvQq2tKu/sgl3xVpkc7ZWuQQ==}
    engines: {node: '>=6'}

  lightningcss-darwin-arm64@1.29.2:
    resolution: {integrity: sha512-cK/eMabSViKn/PG8U/a7aCorpeKLMlK0bQeNHmdb7qUnBkNPnL+oV5DjJUo0kqWsJUapZsM4jCfYItbqBDvlcA==}
    engines: {node: '>= 12.0.0'}
    cpu: [arm64]
    os: [darwin]

  lightningcss-darwin-x64@1.29.2:
    resolution: {integrity: sha512-j5qYxamyQw4kDXX5hnnCKMf3mLlHvG44f24Qyi2965/Ycz829MYqjrVg2H8BidybHBp9kom4D7DR5VqCKDXS0w==}
    engines: {node: '>= 12.0.0'}
    cpu: [x64]
    os: [darwin]

  lightningcss-freebsd-x64@1.29.2:
    resolution: {integrity: sha512-wDk7M2tM78Ii8ek9YjnY8MjV5f5JN2qNVO+/0BAGZRvXKtQrBC4/cn4ssQIpKIPP44YXw6gFdpUF+Ps+RGsCwg==}
    engines: {node: '>= 12.0.0'}
    cpu: [x64]
    os: [freebsd]

  lightningcss-linux-arm-gnueabihf@1.29.2:
    resolution: {integrity: sha512-IRUrOrAF2Z+KExdExe3Rz7NSTuuJ2HvCGlMKoquK5pjvo2JY4Rybr+NrKnq0U0hZnx5AnGsuFHjGnNT14w26sg==}
    engines: {node: '>= 12.0.0'}
    cpu: [arm]
    os: [linux]

  lightningcss-linux-arm64-gnu@1.29.2:
    resolution: {integrity: sha512-KKCpOlmhdjvUTX/mBuaKemp0oeDIBBLFiU5Fnqxh1/DZ4JPZi4evEH7TKoSBFOSOV3J7iEmmBaw/8dpiUvRKlQ==}
    engines: {node: '>= 12.0.0'}
    cpu: [arm64]
    os: [linux]

  lightningcss-linux-arm64-musl@1.29.2:
    resolution: {integrity: sha512-Q64eM1bPlOOUgxFmoPUefqzY1yV3ctFPE6d/Vt7WzLW4rKTv7MyYNky+FWxRpLkNASTnKQUaiMJ87zNODIrrKQ==}
    engines: {node: '>= 12.0.0'}
    cpu: [arm64]
    os: [linux]

  lightningcss-linux-x64-gnu@1.29.2:
    resolution: {integrity: sha512-0v6idDCPG6epLXtBH/RPkHvYx74CVziHo6TMYga8O2EiQApnUPZsbR9nFNrg2cgBzk1AYqEd95TlrsL7nYABQg==}
    engines: {node: '>= 12.0.0'}
    cpu: [x64]
    os: [linux]

  lightningcss-linux-x64-musl@1.29.2:
    resolution: {integrity: sha512-rMpz2yawkgGT8RULc5S4WiZopVMOFWjiItBT7aSfDX4NQav6M44rhn5hjtkKzB+wMTRlLLqxkeYEtQ3dd9696w==}
    engines: {node: '>= 12.0.0'}
    cpu: [x64]
    os: [linux]

  lightningcss-win32-arm64-msvc@1.29.2:
    resolution: {integrity: sha512-nL7zRW6evGQqYVu/bKGK+zShyz8OVzsCotFgc7judbt6wnB2KbiKKJwBE4SGoDBQ1O94RjW4asrCjQL4i8Fhbw==}
    engines: {node: '>= 12.0.0'}
    cpu: [arm64]
    os: [win32]

  lightningcss-win32-x64-msvc@1.29.2:
    resolution: {integrity: sha512-EdIUW3B2vLuHmv7urfzMI/h2fmlnOQBk1xlsDxkN1tCWKjNFjfLhGxYk8C8mzpSfr+A6jFFIi8fU6LbQGsRWjA==}
    engines: {node: '>= 12.0.0'}
    cpu: [x64]
    os: [win32]

  lightningcss@1.29.2:
    resolution: {integrity: sha512-6b6gd/RUXKaw5keVdSEtqFVdzWnU5jMxTUjA2bVcMNPLwSQ08Sv/UodBVtETLCn7k4S1Ibxwh7k68IwLZPgKaA==}
    engines: {node: '>= 12.0.0'}

  locate-character@3.0.0:
    resolution: {integrity: sha512-SW13ws7BjaeJ6p7Q6CO2nchbYEc3X3J6WrmTTDto7yMPqVSZTUyY5Tjbid+Ab8gLnATtygYtiDIJGQRRn2ZOiA==}

  magic-string@0.30.17:
    resolution: {integrity: sha512-sNPKHvyjVf7gyjwS4xGTaW/mCnF8wnjtifKBEhxfZ7E/S8tQ0rssrwGNn6q8JH/ohItJfSQp9mBtQYuTlH5QnA==}

  mri@1.2.0:
    resolution: {integrity: sha512-tzzskb3bG8LvYGFF/mDTpq3jpI6Q9wc3LEmBaghu+DdCssd1FakN7Bc0hVNmEyGq1bq3RgfkCb3cmQLpNPOroA==}
    engines: {node: '>=4'}

  mrmime@2.0.1:
    resolution: {integrity: sha512-Y3wQdFg2Va6etvQ5I82yUhGdsKrcYox6p7FfL1LbK2J4V01F9TGlepTIhnK24t7koZibmg82KGglhA1XK5IsLQ==}
    engines: {node: '>=10'}

  ms@2.1.3:
    resolution: {integrity: sha512-6FlzubTLZG3J2a/NVCAleEhjzq5oxgHyaCU9yYXvcLsvoVaHJq/s5xXI6/XXP6tz7R9xAOtHnSO/tXtF3WRTlA==}

  nanoid@3.3.11:
    resolution: {integrity: sha512-N8SpfPUnUp1bK+PMYW8qSWdl9U+wwNWI4QKxOYDy9JAro3WMX7p2OeVRF9v+347pnakNevPmiHhNmZ2HbFA76w==}
    engines: {node: ^10 || ^12 || ^13.7 || ^14 || >=15.0.1}
    hasBin: true

  picocolors@1.1.1:
    resolution: {integrity: sha512-xceH2snhtb5M9liqDsmEw56le376mTZkEX/jEb/RxNFyegNul7eNslCXP9FDj/Lcu0X8KEyMceP2ntpaHrDEVA==}

  picomatch@4.0.2:
    resolution: {integrity: sha512-M7BAV6Rlcy5u+m6oPhAPFgJTzAioX/6B0DxyvDlo9l8+T3nLKbrczg2WLUyzd45L8RqfUMyGPzekbMvX2Ldkwg==}
    engines: {node: '>=12'}

  postcss@8.5.3:
    resolution: {integrity: sha512-dle9A3yYxlBSrt8Fu+IpjGT8SY8hN0mlaA6GY8t0P5PjIOZemULz/E2Bnm/2dcUOena75OTNkHI76uZBNUUq3A==}
    engines: {node: ^10 || ^12 || >=14}

  prettier-plugin-svelte@3.3.3:
    resolution: {integrity: sha512-yViK9zqQ+H2qZD1w/bH7W8i+bVfKrD8GIFjkFe4Thl6kCT9SlAsXVNmt3jCvQOCsnOhcvYgsoVlRV/Eu6x5nNw==}
    peerDependencies:
      prettier: ^3.0.0
      svelte: ^3.2.0 || ^4.0.0-next.0 || ^5.0.0-next.0

  prettier@3.5.3:
    resolution: {integrity: sha512-QQtaxnoDJeAkDvDKWCLiwIXkTgRhwYDEQCghU9Z6q03iyek/rxRh/2lC3HB7P8sWT2xC/y5JDctPLBIGzHKbhw==}
    engines: {node: '>=14'}
    hasBin: true

  readdirp@4.1.2:
    resolution: {integrity: sha512-GDhwkLfywWL2s6vEjyhri+eXmfH6j1L7JE27WhqLeYzoh/A3DBaYGEj2H/HFZCn/kMfim73FXxEJTw06WtxQwg==}
    engines: {node: '>= 14.18.0'}

  rollup@4.40.0:
    resolution: {integrity: sha512-Noe455xmA96nnqH5piFtLobsGbCij7Tu+tb3c1vYjNbTkfzGqXqQXG3wJaYXkRZuQ0vEYN4bhwg7QnIrqB5B+w==}
    engines: {node: '>=18.0.0', npm: '>=8.0.0'}
    hasBin: true

  sade@1.8.1:
    resolution: {integrity: sha512-xal3CZX1Xlo/k4ApwCFrHVACi9fBqJ7V+mwhBsuf/1IOKbBy098Fex+Wa/5QMubw09pSZ/u8EY8PWgevJsXp1A==}
    engines: {node: '>=6'}

  schema-dts@1.1.5:
    resolution: {integrity: sha512-RJr9EaCmsLzBX2NDiO5Z3ux2BVosNZN5jo0gWgsyKvxKIUL5R3swNvoorulAeL9kLB0iTSX7V6aokhla2m7xbg==}

  set-cookie-parser@2.7.1:
    resolution: {integrity: sha512-IOc8uWeOZgnb3ptbCURJWNjWUPcO3ZnTTdzsurqERrP6nPyv+paC55vJM0LpOlT2ne+Ix+9+CRG1MNLlyZ4GjQ==}

  sirv@3.0.1:
    resolution: {integrity: sha512-FoqMu0NCGBLCcAkS1qA+XJIQTR6/JHfQXl+uGteNCQ76T91DMUjPa9xfmeqMY3z80nLSg9yQmNjK0Px6RWsH/A==}
    engines: {node: '>=18'}

  source-map-js@1.2.1:
    resolution: {integrity: sha512-UXWMKhLOwVKb728IUtQPXxfYU+usdybtUrK/8uGE8CQMvrhOpwvzDBwj0QhSL7MQc7vIsISBG8VQ8+IDQxpfQA==}
    engines: {node: '>=0.10.0'}

  svelte-check@4.1.6:
    resolution: {integrity: sha512-P7w/6tdSfk3zEVvfsgrp3h3DFC75jCdZjTQvgGJtjPORs1n7/v2VMPIoty3PWv7jnfEm3x0G/p9wH4pecTb0Wg==}
    engines: {node: '>= 18.0.0'}
    hasBin: true
    peerDependencies:
      svelte: ^4.0.0 || ^5.0.0-next.0
      typescript: '>=5.0.0'

  svelte-compare-slider@0.2.0:
    resolution: {integrity: sha512-feUy3P6ACRBlB5Djjga10ikR+gVVcG2DtT+kWZFScZsnI3rJSxXWtSPqQm1sOZVWbW6lU+igpaKE53eqzkTn+Q==}
    peerDependencies:
      svelte: ^5.0.0

  svelte-meta-tags@4.2.0:
    resolution: {integrity: sha512-VFnbdN4CNLeGaiRK++mhHKm/otgId3qM0hY6fu6vhh+e+jGE9Xr3kSUjgKAEnquktskEjUEo7W0ek7EANsyTHw==}
    peerDependencies:
      svelte: ^5.0.0

  svelte@5.28.1:
    resolution: {integrity: sha512-iOa9WmfNG95lSOSJdMhdjJ4Afok7IRAQYXpbnxhd5EINnXseG0GVa9j6WPght4eX78XfFez45Fi+uRglGKPV/Q==}
    engines: {node: '>=18'}

  sveltekit-i18n@2.4.2:
    resolution: {integrity: sha512-hjRWn4V4DBL8JQKJoJa3MRvn6d32Zo+rWkoSP5bsQ/XIAguPdQUZJ8LMe6Nc1rST8WEVdu9+vZI3aFdKYGR3+Q==}
    peerDependencies:
      svelte: '>=3.49.0'

  tailwindcss@4.1.4:
    resolution: {integrity: sha512-1ZIUqtPITFbv/DxRmDr5/agPqJwF69d24m9qmM1939TJehgY539CtzeZRjbLt5G6fSy/7YqqYsfvoTEw9xUI2A==}

  tapable@2.2.1:
    resolution: {integrity: sha512-GNzQvQTOIP6RyTfE2Qxb8ZVlNmw0n88vp1szwWRimP02mnTsx3Wtn5qRdqY9w2XduFNUgvOwhNnQsjwCp+kqaQ==}
    engines: {node: '>=6'}

  tinyglobby@0.2.13:
    resolution: {integrity: sha512-mEwzpUgrLySlveBwEVDMKk5B57bhLPYovRfPAXD5gA/98Opn0rCDj3GtLwFvCvH5RK9uPCExUROW5NjDwvqkxw==}
    engines: {node: '>=12.0.0'}

  totalist@3.0.1:
    resolution: {integrity: sha512-sf4i37nQ2LBx4m3wB74y+ubopq6W/dIzXg0FDGjsYnZHVa1Da8FH853wlL2gtUhg+xJXjfk3kUZS3BRoQeoQBQ==}
    engines: {node: '>=6'}

  typescript@5.8.3:
    resolution: {integrity: sha512-p1diW6TqL9L07nNxvRMM7hMMw4c5XOo/1ibL4aAIGmSAt9slTE1Xgw5KWuof2uTOvCg9BY7ZRi+GaF+7sfgPeQ==}
    engines: {node: '>=14.17'}
    hasBin: true

  vite@6.3.2:
    resolution: {integrity: sha512-ZSvGOXKGceizRQIZSz7TGJ0pS3QLlVY/9hwxVh17W3re67je1RKYzFHivZ/t0tubU78Vkyb9WnHPENSBCzbckg==}
    engines: {node: ^18.0.0 || ^20.0.0 || >=22.0.0}
    hasBin: true
    peerDependencies:
      '@types/node': ^18.0.0 || ^20.0.0 || >=22.0.0
      jiti: '>=1.21.0'
      less: '*'
      lightningcss: ^1.21.0
      sass: '*'
      sass-embedded: '*'
      stylus: '*'
      sugarss: '*'
      terser: ^5.16.0
      tsx: ^4.8.1
      yaml: ^2.4.2
    peerDependenciesMeta:
      '@types/node':
        optional: true
      jiti:
        optional: true
      less:
        optional: true
      lightningcss:
        optional: true
      sass:
        optional: true
      sass-embedded:
        optional: true
      stylus:
        optional: true
      sugarss:
        optional: true
      terser:
        optional: true
      tsx:
        optional: true
      yaml:
        optional: true

  vitefu@1.0.6:
    resolution: {integrity: sha512-+Rex1GlappUyNN6UfwbVZne/9cYC4+R2XDk9xkNXBKMw6HQagdX9PgZ8V2v1WUSK1wfBLp7qbI1+XSNIlB1xmA==}
    peerDependencies:
      vite: ^3.0.0 || ^4.0.0 || ^5.0.0 || ^6.0.0
    peerDependenciesMeta:
      vite:
        optional: true

  yaml@2.7.0:
    resolution: {integrity: sha512-+hSoy/QHluxmC9kCIJyL/uyFmLmc+e5CFR5Wa+bpIhIj85LVb9ZH2nVnqrHoSvKogwODv0ClqZkmiSSaIH5LTA==}
    engines: {node: '>= 14'}
    hasBin: true

  zimmerframe@1.1.2:
    resolution: {integrity: sha512-rAbqEGa8ovJy4pyBxZM70hg4pE6gDgaQ0Sl9M3enG3I0d6H4XSAM3GeNGLKnsBpuijUow064sf7ww1nutC5/3w==}

snapshots:

  '@ampproject/remapping@2.3.0':
    dependencies:
      '@jridgewell/gen-mapping': 0.3.8
      '@jridgewell/trace-mapping': 0.3.25

  '@esbuild/aix-ppc64@0.25.2':
    optional: true

  '@esbuild/android-arm64@0.25.2':
    optional: true

  '@esbuild/android-arm@0.25.2':
    optional: true

  '@esbuild/android-x64@0.25.2':
    optional: true

  '@esbuild/darwin-arm64@0.25.2':
    optional: true

  '@esbuild/darwin-x64@0.25.2':
    optional: true

  '@esbuild/freebsd-arm64@0.25.2':
    optional: true

  '@esbuild/freebsd-x64@0.25.2':
    optional: true

  '@esbuild/linux-arm64@0.25.2':
    optional: true

  '@esbuild/linux-arm@0.25.2':
    optional: true

  '@esbuild/linux-ia32@0.25.2':
    optional: true

  '@esbuild/linux-loong64@0.25.2':
    optional: true

  '@esbuild/linux-mips64el@0.25.2':
    optional: true

  '@esbuild/linux-ppc64@0.25.2':
    optional: true

  '@esbuild/linux-riscv64@0.25.2':
    optional: true

  '@esbuild/linux-s390x@0.25.2':
    optional: true

  '@esbuild/linux-x64@0.25.2':
    optional: true

  '@esbuild/netbsd-arm64@0.25.2':
    optional: true

  '@esbuild/netbsd-x64@0.25.2':
    optional: true

  '@esbuild/openbsd-arm64@0.25.2':
    optional: true

  '@esbuild/openbsd-x64@0.25.2':
    optional: true

  '@esbuild/sunos-x64@0.25.2':
    optional: true

  '@esbuild/win32-arm64@0.25.2':
    optional: true

  '@esbuild/win32-ia32@0.25.2':
    optional: true

  '@esbuild/win32-x64@0.25.2':
    optional: true

  '@jridgewell/gen-mapping@0.3.8':
    dependencies:
      '@jridgewell/set-array': 1.2.1
      '@jridgewell/sourcemap-codec': 1.5.0
      '@jridgewell/trace-mapping': 0.3.25

  '@jridgewell/resolve-uri@3.1.2': {}

  '@jridgewell/set-array@1.2.1': {}

  '@jridgewell/sourcemap-codec@1.5.0': {}

  '@jridgewell/trace-mapping@0.3.25':
    dependencies:
      '@jridgewell/resolve-uri': 3.1.2
      '@jridgewell/sourcemap-codec': 1.5.0

  '@polka/url@1.0.0-next.29': {}

  '@rollup/rollup-android-arm-eabi@4.40.0':
    optional: true

  '@rollup/rollup-android-arm64@4.40.0':
    optional: true

  '@rollup/rollup-darwin-arm64@4.40.0':
    optional: true

  '@rollup/rollup-darwin-x64@4.40.0':
    optional: true

  '@rollup/rollup-freebsd-arm64@4.40.0':
    optional: true

  '@rollup/rollup-freebsd-x64@4.40.0':
    optional: true

  '@rollup/rollup-linux-arm-gnueabihf@4.40.0':
    optional: true

  '@rollup/rollup-linux-arm-musleabihf@4.40.0':
    optional: true

  '@rollup/rollup-linux-arm64-gnu@4.40.0':
    optional: true

  '@rollup/rollup-linux-arm64-musl@4.40.0':
    optional: true

  '@rollup/rollup-linux-loongarch64-gnu@4.40.0':
    optional: true

  '@rollup/rollup-linux-powerpc64le-gnu@4.40.0':
    optional: true

  '@rollup/rollup-linux-riscv64-gnu@4.40.0':
    optional: true

  '@rollup/rollup-linux-riscv64-musl@4.40.0':
    optional: true

  '@rollup/rollup-linux-s390x-gnu@4.40.0':
    optional: true

  '@rollup/rollup-linux-x64-gnu@4.40.0':
    optional: true

  '@rollup/rollup-linux-x64-musl@4.40.0':
    optional: true

  '@rollup/rollup-win32-arm64-msvc@4.40.0':
    optional: true

  '@rollup/rollup-win32-ia32-msvc@4.40.0':
    optional: true

  '@rollup/rollup-win32-x64-msvc@4.40.0':
    optional: true

  '@sveltejs/acorn-typescript@1.0.5(acorn@8.14.1)':
    dependencies:
      acorn: 8.14.1

  '@sveltejs/adapter-auto@6.0.0(@sveltejs/kit@2.20.7(@sveltejs/vite-plugin-svelte@5.0.3(svelte@5.28.1)(vite@6.3.2(jiti@2.4.2)(lightningcss@1.29.2)(yaml@2.7.0)))(svelte@5.28.1)(vite@6.3.2(jiti@2.4.2)(lightningcss@1.29.2)(yaml@2.7.0)))':
    dependencies:
      '@sveltejs/kit': 2.20.7(@sveltejs/vite-plugin-svelte@5.0.3(svelte@5.28.1)(vite@6.3.2(jiti@2.4.2)(lightningcss@1.29.2)(yaml@2.7.0)))(svelte@5.28.1)(vite@6.3.2(jiti@2.4.2)(lightningcss@1.29.2)(yaml@2.7.0))
      import-meta-resolve: 4.1.0

  '@sveltejs/kit@2.20.7(@sveltejs/vite-plugin-svelte@5.0.3(svelte@5.28.1)(vite@6.3.2(jiti@2.4.2)(lightningcss@1.29.2)(yaml@2.7.0)))(svelte@5.28.1)(vite@6.3.2(jiti@2.4.2)(lightningcss@1.29.2)(yaml@2.7.0))':
    dependencies:
      '@sveltejs/vite-plugin-svelte': 5.0.3(svelte@5.28.1)(vite@6.3.2(jiti@2.4.2)(lightningcss@1.29.2)(yaml@2.7.0))
      '@types/cookie': 0.6.0
      cookie: 0.6.0
      devalue: 5.1.1
      esm-env: 1.2.2
      import-meta-resolve: 4.1.0
      kleur: 4.1.5
      magic-string: 0.30.17
      mrmime: 2.0.1
      sade: 1.8.1
      set-cookie-parser: 2.7.1
      sirv: 3.0.1
      svelte: 5.28.1
      vite: 6.3.2(jiti@2.4.2)(lightningcss@1.29.2)(yaml@2.7.0)

  '@sveltejs/vite-plugin-svelte-inspector@4.0.1(@sveltejs/vite-plugin-svelte@5.0.3(svelte@5.28.1)(vite@6.3.2(jiti@2.4.2)(lightningcss@1.29.2)(yaml@2.7.0)))(svelte@5.28.1)(vite@6.3.2(jiti@2.4.2)(lightningcss@1.29.2)(yaml@2.7.0))':
    dependencies:
      '@sveltejs/vite-plugin-svelte': 5.0.3(svelte@5.28.1)(vite@6.3.2(jiti@2.4.2)(lightningcss@1.29.2)(yaml@2.7.0))
      debug: 4.4.0
      svelte: 5.28.1
      vite: 6.3.2(jiti@2.4.2)(lightningcss@1.29.2)(yaml@2.7.0)
    transitivePeerDependencies:
      - supports-color

  '@sveltejs/vite-plugin-svelte@5.0.3(svelte@5.28.1)(vite@6.3.2(jiti@2.4.2)(lightningcss@1.29.2)(yaml@2.7.0))':
    dependencies:
      '@sveltejs/vite-plugin-svelte-inspector': 4.0.1(@sveltejs/vite-plugin-svelte@5.0.3(svelte@5.28.1)(vite@6.3.2(jiti@2.4.2)(lightningcss@1.29.2)(yaml@2.7.0)))(svelte@5.28.1)(vite@6.3.2(jiti@2.4.2)(lightningcss@1.29.2)(yaml@2.7.0))
      debug: 4.4.0
      deepmerge: 4.3.1
      kleur: 4.1.5
      magic-string: 0.30.17
      svelte: 5.28.1
      vite: 6.3.2(jiti@2.4.2)(lightningcss@1.29.2)(yaml@2.7.0)
      vitefu: 1.0.6(vite@6.3.2(jiti@2.4.2)(lightningcss@1.29.2)(yaml@2.7.0))
    transitivePeerDependencies:
      - supports-color

  '@sveltekit-i18n/base@1.3.7(svelte@5.28.1)':
    dependencies:
      svelte: 5.28.1

  '@sveltekit-i18n/parser-default@1.1.1': {}

  '@tailwindcss/node@4.1.4':
    dependencies:
      enhanced-resolve: 5.18.1
      jiti: 2.4.2
      lightningcss: 1.29.2
      tailwindcss: 4.1.4

  '@tailwindcss/oxide-android-arm64@4.1.4':
    optional: true

  '@tailwindcss/oxide-darwin-arm64@4.1.4':
    optional: true

  '@tailwindcss/oxide-darwin-x64@4.1.4':
    optional: true

  '@tailwindcss/oxide-freebsd-x64@4.1.4':
    optional: true

  '@tailwindcss/oxide-linux-arm-gnueabihf@4.1.4':
    optional: true

  '@tailwindcss/oxide-linux-arm64-gnu@4.1.4':
    optional: true

  '@tailwindcss/oxide-linux-arm64-musl@4.1.4':
    optional: true

  '@tailwindcss/oxide-linux-x64-gnu@4.1.4':
    optional: true

  '@tailwindcss/oxide-linux-x64-musl@4.1.4':
    optional: true

  '@tailwindcss/oxide-wasm32-wasi@4.1.4':
    optional: true

  '@tailwindcss/oxide-win32-arm64-msvc@4.1.4':
    optional: true

  '@tailwindcss/oxide-win32-x64-msvc@4.1.4':
    optional: true

  '@tailwindcss/oxide@4.1.4':
    optionalDependencies:
      '@tailwindcss/oxide-android-arm64': 4.1.4
      '@tailwindcss/oxide-darwin-arm64': 4.1.4
      '@tailwindcss/oxide-darwin-x64': 4.1.4
      '@tailwindcss/oxide-freebsd-x64': 4.1.4
      '@tailwindcss/oxide-linux-arm-gnueabihf': 4.1.4
      '@tailwindcss/oxide-linux-arm64-gnu': 4.1.4
      '@tailwindcss/oxide-linux-arm64-musl': 4.1.4
      '@tailwindcss/oxide-linux-x64-gnu': 4.1.4
      '@tailwindcss/oxide-linux-x64-musl': 4.1.4
      '@tailwindcss/oxide-wasm32-wasi': 4.1.4
      '@tailwindcss/oxide-win32-arm64-msvc': 4.1.4
      '@tailwindcss/oxide-win32-x64-msvc': 4.1.4

  '@tailwindcss/vite@4.1.4(vite@6.3.2(jiti@2.4.2)(lightningcss@1.29.2)(yaml@2.7.0))':
    dependencies:
      '@tailwindcss/node': 4.1.4
      '@tailwindcss/oxide': 4.1.4
      tailwindcss: 4.1.4
      vite: 6.3.2(jiti@2.4.2)(lightningcss@1.29.2)(yaml@2.7.0)

  '@types/cookie@0.6.0': {}

  '@types/estree@1.0.7': {}

  acorn@8.14.1: {}

  aria-query@5.3.2: {}

  axobject-query@4.1.0: {}

  chokidar@4.0.3:
    dependencies:
      readdirp: 4.1.2

  clsx@2.1.1: {}

  cookie@0.6.0: {}

  debug@4.4.0:
    dependencies:
      ms: 2.1.3

  deepmerge@4.3.1: {}

  detect-libc@2.0.3: {}

  devalue@5.1.1: {}

  enhanced-resolve@5.18.1:
    dependencies:
      graceful-fs: 4.2.11
      tapable: 2.2.1

  esbuild@0.25.2:
    optionalDependencies:
      '@esbuild/aix-ppc64': 0.25.2
      '@esbuild/android-arm': 0.25.2
      '@esbuild/android-arm64': 0.25.2
      '@esbuild/android-x64': 0.25.2
      '@esbuild/darwin-arm64': 0.25.2
      '@esbuild/darwin-x64': 0.25.2
      '@esbuild/freebsd-arm64': 0.25.2
      '@esbuild/freebsd-x64': 0.25.2
      '@esbuild/linux-arm': 0.25.2
      '@esbuild/linux-arm64': 0.25.2
      '@esbuild/linux-ia32': 0.25.2
      '@esbuild/linux-loong64': 0.25.2
      '@esbuild/linux-mips64el': 0.25.2
      '@esbuild/linux-ppc64': 0.25.2
      '@esbuild/linux-riscv64': 0.25.2
      '@esbuild/linux-s390x': 0.25.2
      '@esbuild/linux-x64': 0.25.2
      '@esbuild/netbsd-arm64': 0.25.2
      '@esbuild/netbsd-x64': 0.25.2
      '@esbuild/openbsd-arm64': 0.25.2
      '@esbuild/openbsd-x64': 0.25.2
      '@esbuild/sunos-x64': 0.25.2
      '@esbuild/win32-arm64': 0.25.2
      '@esbuild/win32-ia32': 0.25.2
      '@esbuild/win32-x64': 0.25.2

  esm-env@1.2.2: {}

  esrap@1.4.6:
    dependencies:
      '@jridgewell/sourcemap-codec': 1.5.0

  fdir@6.4.4(picomatch@4.0.2):
    optionalDependencies:
      picomatch: 4.0.2

  fsevents@2.3.3:
    optional: true

  graceful-fs@4.2.11: {}

  import-meta-resolve@4.1.0: {}

  is-reference@3.0.3:
    dependencies:
      '@types/estree': 1.0.7

  jiti@2.4.2: {}

  kleur@4.1.5: {}

  lightningcss-darwin-arm64@1.29.2:
    optional: true

  lightningcss-darwin-x64@1.29.2:
    optional: true

  lightningcss-freebsd-x64@1.29.2:
    optional: true

  lightningcss-linux-arm-gnueabihf@1.29.2:
    optional: true

  lightningcss-linux-arm64-gnu@1.29.2:
    optional: true

  lightningcss-linux-arm64-musl@1.29.2:
    optional: true

  lightningcss-linux-x64-gnu@1.29.2:
    optional: true

  lightningcss-linux-x64-musl@1.29.2:
    optional: true

  lightningcss-win32-arm64-msvc@1.29.2:
    optional: true

  lightningcss-win32-x64-msvc@1.29.2:
    optional: true

  lightningcss@1.29.2:
    dependencies:
      detect-libc: 2.0.3
    optionalDependencies:
      lightningcss-darwin-arm64: 1.29.2
      lightningcss-darwin-x64: 1.29.2
      lightningcss-freebsd-x64: 1.29.2
      lightningcss-linux-arm-gnueabihf: 1.29.2
      lightningcss-linux-arm64-gnu: 1.29.2
      lightningcss-linux-arm64-musl: 1.29.2
      lightningcss-linux-x64-gnu: 1.29.2
      lightningcss-linux-x64-musl: 1.29.2
      lightningcss-win32-arm64-msvc: 1.29.2
      lightningcss-win32-x64-msvc: 1.29.2

  locate-character@3.0.0: {}

  magic-string@0.30.17:
    dependencies:
      '@jridgewell/sourcemap-codec': 1.5.0

  mri@1.2.0: {}

  mrmime@2.0.1: {}

  ms@2.1.3: {}

  nanoid@3.3.11: {}

  picocolors@1.1.1: {}

  picomatch@4.0.2: {}

  postcss@8.5.3:
    dependencies:
      nanoid: 3.3.11
      picocolors: 1.1.1
      source-map-js: 1.2.1

  prettier-plugin-svelte@3.3.3(prettier@3.5.3)(svelte@5.28.1):
    dependencies:
      prettier: 3.5.3
      svelte: 5.28.1

  prettier@3.5.3: {}

  readdirp@4.1.2: {}

  rollup@4.40.0:
    dependencies:
      '@types/estree': 1.0.7
    optionalDependencies:
      '@rollup/rollup-android-arm-eabi': 4.40.0
      '@rollup/rollup-android-arm64': 4.40.0
      '@rollup/rollup-darwin-arm64': 4.40.0
      '@rollup/rollup-darwin-x64': 4.40.0
      '@rollup/rollup-freebsd-arm64': 4.40.0
      '@rollup/rollup-freebsd-x64': 4.40.0
      '@rollup/rollup-linux-arm-gnueabihf': 4.40.0
      '@rollup/rollup-linux-arm-musleabihf': 4.40.0
      '@rollup/rollup-linux-arm64-gnu': 4.40.0
      '@rollup/rollup-linux-arm64-musl': 4.40.0
      '@rollup/rollup-linux-loongarch64-gnu': 4.40.0
      '@rollup/rollup-linux-powerpc64le-gnu': 4.40.0
      '@rollup/rollup-linux-riscv64-gnu': 4.40.0
      '@rollup/rollup-linux-riscv64-musl': 4.40.0
      '@rollup/rollup-linux-s390x-gnu': 4.40.0
      '@rollup/rollup-linux-x64-gnu': 4.40.0
      '@rollup/rollup-linux-x64-musl': 4.40.0
      '@rollup/rollup-win32-arm64-msvc': 4.40.0
      '@rollup/rollup-win32-ia32-msvc': 4.40.0
      '@rollup/rollup-win32-x64-msvc': 4.40.0
      fsevents: 2.3.3

  sade@1.8.1:
    dependencies:
      mri: 1.2.0

  schema-dts@1.1.5: {}

  set-cookie-parser@2.7.1: {}

  sirv@3.0.1:
    dependencies:
      '@polka/url': 1.0.0-next.29
      mrmime: 2.0.1
      totalist: 3.0.1

  source-map-js@1.2.1: {}

  svelte-check@4.1.6(picomatch@4.0.2)(svelte@5.28.1)(typescript@5.8.3):
    dependencies:
      '@jridgewell/trace-mapping': 0.3.25
      chokidar: 4.0.3
      fdir: 6.4.4(picomatch@4.0.2)
      picocolors: 1.1.1
      sade: 1.8.1
      svelte: 5.28.1
      typescript: 5.8.3
    transitivePeerDependencies:
      - picomatch

  svelte-compare-slider@0.2.0(svelte@5.28.1):
    dependencies:
      svelte: 5.28.1

  svelte-meta-tags@4.2.0(svelte@5.28.1):
    dependencies:
      schema-dts: 1.1.5
      svelte: 5.28.1

  svelte@5.28.1:
    dependencies:
      '@ampproject/remapping': 2.3.0
      '@jridgewell/sourcemap-codec': 1.5.0
      '@sveltejs/acorn-typescript': 1.0.5(acorn@8.14.1)
      '@types/estree': 1.0.7
      acorn: 8.14.1
      aria-query: 5.3.2
      axobject-query: 4.1.0
      clsx: 2.1.1
      esm-env: 1.2.2
      esrap: 1.4.6
      is-reference: 3.0.3
      locate-character: 3.0.0
      magic-string: 0.30.17
      zimmerframe: 1.1.2

  sveltekit-i18n@2.4.2(svelte@5.28.1):
    dependencies:
      '@sveltekit-i18n/base': 1.3.7(svelte@5.28.1)
      '@sveltekit-i18n/parser-default': 1.1.1
      svelte: 5.28.1

  tailwindcss@4.1.4: {}

  tapable@2.2.1: {}

  tinyglobby@0.2.13:
    dependencies:
      fdir: 6.4.4(picomatch@4.0.2)
      picomatch: 4.0.2

  totalist@3.0.1: {}

  typescript@5.8.3: {}

  vite@6.3.2(jiti@2.4.2)(lightningcss@1.29.2)(yaml@2.7.0):
    dependencies:
      esbuild: 0.25.2
      fdir: 6.4.4(picomatch@4.0.2)
      picomatch: 4.0.2
      postcss: 8.5.3
      rollup: 4.40.0
      tinyglobby: 0.2.13
    optionalDependencies:
      fsevents: 2.3.3
      jiti: 2.4.2
      lightningcss: 1.29.2
      yaml: 2.7.0

  vitefu@1.0.6(vite@6.3.2(jiti@2.4.2)(lightningcss@1.29.2)(yaml@2.7.0)):
    optionalDependencies:
      vite: 6.3.2(jiti@2.4.2)(lightningcss@1.29.2)(yaml@2.7.0)

  yaml@2.7.0:
    optional: true

  zimmerframe@1.1.2: {}
