lockfileVersion: '9.0'

settings:
  autoInstallPeers: true
  excludeLinksFromLockfile: false

importers:

  .:
    devDependencies:
      '@sveltejs/adapter-auto':
        specifier: ^4.0.0
        version: 4.0.0(@sveltejs/kit@2.16.1(@sveltejs/vite-plugin-svelte@5.0.3(svelte@5.19.3)(vite@6.0.11(jiti@2.4.2)(lightningcss@1.29.1)(yaml@2.7.0)))(svelte@5.19.3)(vite@6.0.11(jiti@2.4.2)(lightningcss@1.29.1)(yaml@2.7.0)))
      '@sveltejs/kit':
        specifier: ^2.16.1
        version: 2.16.1(@sveltejs/vite-plugin-svelte@5.0.3(svelte@5.19.3)(vite@6.0.11(jiti@2.4.2)(lightningcss@1.29.1)(yaml@2.7.0)))(svelte@5.19.3)(vite@6.0.11(jiti@2.4.2)(lightningcss@1.29.1)(yaml@2.7.0))
      '@sveltejs/vite-plugin-svelte':
        specifier: ^5.0.3
        version: 5.0.3(svelte@5.19.3)(vite@6.0.11(jiti@2.4.2)(lightningcss@1.29.1)(yaml@2.7.0))
      '@tailwindcss/vite':
        specifier: ^4.0.0
        version: 4.0.0(vite@6.0.11(jiti@2.4.2)(lightningcss@1.29.1)(yaml@2.7.0))
      prettier:
        specifier: ^3.4.2
        version: 3.4.2
      prettier-plugin-svelte:
        specifier: ^3.3.3
        version: 3.3.3(prettier@3.4.2)(svelte@5.19.3)
      svelte:
        specifier: ^5.19.3
        version: 5.19.3
      svelte-check:
        specifier: ^4.1.4
        version: 4.1.4(svelte@5.19.3)(typescript@5.7.3)
      svelte-compare-slider:
        specifier: ^0.2.0
        version: 0.2.0(svelte@5.19.3)
      svelte-meta-tags:
        specifier: ^4.1.0
        version: 4.1.0(svelte@5.19.3)(typescript@5.7.3)
      sveltekit-i18n:
        specifier: ^2.4.2
        version: 2.4.2(svelte@5.19.3)
      tailwindcss:
        specifier: ^4.0.0
        version: 4.0.0
      typescript:
        specifier: ^5.7.3
        version: 5.7.3
      vite:
        specifier: ^6.0.11
        version: 6.0.11(jiti@2.4.2)(lightningcss@1.29.1)(yaml@2.7.0)

packages:

  '@ampproject/remapping@2.3.0':
    resolution: {integrity: sha512-30iZtAPgz+LTIYoeivqYo853f02jBYSd5uGnGpkFV0M3xOt9aN73erkgYAmZU43x4VfqcnLxW9Kpg3R5LC4YYw==}
    engines: {node: '>=6.0.0'}

  '@esbuild/aix-ppc64@0.24.2':
    resolution: {integrity: sha512-thpVCb/rhxE/BnMLQ7GReQLLN8q9qbHmI55F4489/ByVg2aQaQ6kbcLb6FHkocZzQhxc4gx0sCk0tJkKBFzDhA==}
    engines: {node: '>=18'}
    cpu: [ppc64]
    os: [aix]

  '@esbuild/android-arm64@0.24.2':
    resolution: {integrity: sha512-cNLgeqCqV8WxfcTIOeL4OAtSmL8JjcN6m09XIgro1Wi7cF4t/THaWEa7eL5CMoMBdjoHOTh/vwTO/o2TRXIyzg==}
    engines: {node: '>=18'}
    cpu: [arm64]
    os: [android]

  '@esbuild/android-arm@0.24.2':
    resolution: {integrity: sha512-tmwl4hJkCfNHwFB3nBa8z1Uy3ypZpxqxfTQOcHX+xRByyYgunVbZ9MzUUfb0RxaHIMnbHagwAxuTL+tnNM+1/Q==}
    engines: {node: '>=18'}
    cpu: [arm]
    os: [android]

  '@esbuild/android-x64@0.24.2':
    resolution: {integrity: sha512-B6Q0YQDqMx9D7rvIcsXfmJfvUYLoP722bgfBlO5cGvNVb5V/+Y7nhBE3mHV9OpxBf4eAS2S68KZztiPaWq4XYw==}
    engines: {node: '>=18'}
    cpu: [x64]
    os: [android]

  '@esbuild/darwin-arm64@0.24.2':
    resolution: {integrity: sha512-kj3AnYWc+CekmZnS5IPu9D+HWtUI49hbnyqk0FLEJDbzCIQt7hg7ucF1SQAilhtYpIujfaHr6O0UHlzzSPdOeA==}
    engines: {node: '>=18'}
    cpu: [arm64]
    os: [darwin]

  '@esbuild/darwin-x64@0.24.2':
    resolution: {integrity: sha512-WeSrmwwHaPkNR5H3yYfowhZcbriGqooyu3zI/3GGpF8AyUdsrrP0X6KumITGA9WOyiJavnGZUwPGvxvwfWPHIA==}
    engines: {node: '>=18'}
    cpu: [x64]
    os: [darwin]

  '@esbuild/freebsd-arm64@0.24.2':
    resolution: {integrity: sha512-UN8HXjtJ0k/Mj6a9+5u6+2eZ2ERD7Edt1Q9IZiB5UZAIdPnVKDoG7mdTVGhHJIeEml60JteamR3qhsr1r8gXvg==}
    engines: {node: '>=18'}
    cpu: [arm64]
    os: [freebsd]

  '@esbuild/freebsd-x64@0.24.2':
    resolution: {integrity: sha512-TvW7wE/89PYW+IevEJXZ5sF6gJRDY/14hyIGFXdIucxCsbRmLUcjseQu1SyTko+2idmCw94TgyaEZi9HUSOe3Q==}
    engines: {node: '>=18'}
    cpu: [x64]
    os: [freebsd]

  '@esbuild/linux-arm64@0.24.2':
    resolution: {integrity: sha512-7HnAD6074BW43YvvUmE/35Id9/NB7BeX5EoNkK9obndmZBUk8xmJJeU7DwmUeN7tkysslb2eSl6CTrYz6oEMQg==}
    engines: {node: '>=18'}
    cpu: [arm64]
    os: [linux]

  '@esbuild/linux-arm@0.24.2':
    resolution: {integrity: sha512-n0WRM/gWIdU29J57hJyUdIsk0WarGd6To0s+Y+LwvlC55wt+GT/OgkwoXCXvIue1i1sSNWblHEig00GBWiJgfA==}
    engines: {node: '>=18'}
    cpu: [arm]
    os: [linux]

  '@esbuild/linux-ia32@0.24.2':
    resolution: {integrity: sha512-sfv0tGPQhcZOgTKO3oBE9xpHuUqguHvSo4jl+wjnKwFpapx+vUDcawbwPNuBIAYdRAvIDBfZVvXprIj3HA+Ugw==}
    engines: {node: '>=18'}
    cpu: [ia32]
    os: [linux]

  '@esbuild/linux-loong64@0.24.2':
    resolution: {integrity: sha512-CN9AZr8kEndGooS35ntToZLTQLHEjtVB5n7dl8ZcTZMonJ7CCfStrYhrzF97eAecqVbVJ7APOEe18RPI4KLhwQ==}
    engines: {node: '>=18'}
    cpu: [loong64]
    os: [linux]

  '@esbuild/linux-mips64el@0.24.2':
    resolution: {integrity: sha512-iMkk7qr/wl3exJATwkISxI7kTcmHKE+BlymIAbHO8xanq/TjHaaVThFF6ipWzPHryoFsesNQJPE/3wFJw4+huw==}
    engines: {node: '>=18'}
    cpu: [mips64el]
    os: [linux]

  '@esbuild/linux-ppc64@0.24.2':
    resolution: {integrity: sha512-shsVrgCZ57Vr2L8mm39kO5PPIb+843FStGt7sGGoqiiWYconSxwTiuswC1VJZLCjNiMLAMh34jg4VSEQb+iEbw==}
    engines: {node: '>=18'}
    cpu: [ppc64]
    os: [linux]

  '@esbuild/linux-riscv64@0.24.2':
    resolution: {integrity: sha512-4eSFWnU9Hhd68fW16GD0TINewo1L6dRrB+oLNNbYyMUAeOD2yCK5KXGK1GH4qD/kT+bTEXjsyTCiJGHPZ3eM9Q==}
    engines: {node: '>=18'}
    cpu: [riscv64]
    os: [linux]

  '@esbuild/linux-s390x@0.24.2':
    resolution: {integrity: sha512-S0Bh0A53b0YHL2XEXC20bHLuGMOhFDO6GN4b3YjRLK//Ep3ql3erpNcPlEFed93hsQAjAQDNsvcK+hV90FubSw==}
    engines: {node: '>=18'}
    cpu: [s390x]
    os: [linux]

  '@esbuild/linux-x64@0.24.2':
    resolution: {integrity: sha512-8Qi4nQcCTbLnK9WoMjdC9NiTG6/E38RNICU6sUNqK0QFxCYgoARqVqxdFmWkdonVsvGqWhmm7MO0jyTqLqwj0Q==}
    engines: {node: '>=18'}
    cpu: [x64]
    os: [linux]

  '@esbuild/netbsd-arm64@0.24.2':
    resolution: {integrity: sha512-wuLK/VztRRpMt9zyHSazyCVdCXlpHkKm34WUyinD2lzK07FAHTq0KQvZZlXikNWkDGoT6x3TD51jKQ7gMVpopw==}
    engines: {node: '>=18'}
    cpu: [arm64]
    os: [netbsd]

  '@esbuild/netbsd-x64@0.24.2':
    resolution: {integrity: sha512-VefFaQUc4FMmJuAxmIHgUmfNiLXY438XrL4GDNV1Y1H/RW3qow68xTwjZKfj/+Plp9NANmzbH5R40Meudu8mmw==}
    engines: {node: '>=18'}
    cpu: [x64]
    os: [netbsd]

  '@esbuild/openbsd-arm64@0.24.2':
    resolution: {integrity: sha512-YQbi46SBct6iKnszhSvdluqDmxCJA+Pu280Av9WICNwQmMxV7nLRHZfjQzwbPs3jeWnuAhE9Jy0NrnJ12Oz+0A==}
    engines: {node: '>=18'}
    cpu: [arm64]
    os: [openbsd]

  '@esbuild/openbsd-x64@0.24.2':
    resolution: {integrity: sha512-+iDS6zpNM6EnJyWv0bMGLWSWeXGN/HTaF/LXHXHwejGsVi+ooqDfMCCTerNFxEkM3wYVcExkeGXNqshc9iMaOA==}
    engines: {node: '>=18'}
    cpu: [x64]
    os: [openbsd]

  '@esbuild/sunos-x64@0.24.2':
    resolution: {integrity: sha512-hTdsW27jcktEvpwNHJU4ZwWFGkz2zRJUz8pvddmXPtXDzVKTTINmlmga3ZzwcuMpUvLw7JkLy9QLKyGpD2Yxig==}
    engines: {node: '>=18'}
    cpu: [x64]
    os: [sunos]

  '@esbuild/win32-arm64@0.24.2':
    resolution: {integrity: sha512-LihEQ2BBKVFLOC9ZItT9iFprsE9tqjDjnbulhHoFxYQtQfai7qfluVODIYxt1PgdoyQkz23+01rzwNwYfutxUQ==}
    engines: {node: '>=18'}
    cpu: [arm64]
    os: [win32]

  '@esbuild/win32-ia32@0.24.2':
    resolution: {integrity: sha512-q+iGUwfs8tncmFC9pcnD5IvRHAzmbwQ3GPS5/ceCyHdjXubwQWI12MKWSNSMYLJMq23/IUCvJMS76PDqXe1fxA==}
    engines: {node: '>=18'}
    cpu: [ia32]
    os: [win32]

  '@esbuild/win32-x64@0.24.2':
    resolution: {integrity: sha512-7VTgWzgMGvup6aSqDPLiW5zHaxYJGTO4OokMjIlrCtf+VpEL+cXKtCvg723iguPYI5oaUNdS+/V7OU2gvXVWEg==}
    engines: {node: '>=18'}
    cpu: [x64]
    os: [win32]

  '@jridgewell/gen-mapping@0.3.8':
    resolution: {integrity: sha512-imAbBGkb+ebQyxKgzv5Hu2nmROxoDOXHh80evxdoXNOrvAnVx7zimzc1Oo5h9RlfV4vPXaE2iM5pOFbvOCClWA==}
    engines: {node: '>=6.0.0'}

  '@jridgewell/resolve-uri@3.1.2':
    resolution: {integrity: sha512-bRISgCIjP20/tbWSPWMEi54QVPRZExkuD9lJL+UIxUKtwVJA8wW1Trb1jMs1RFXo1CBTNZ/5hpC9QvmKWdopKw==}
    engines: {node: '>=6.0.0'}

  '@jridgewell/set-array@1.2.1':
    resolution: {integrity: sha512-R8gLRTZeyp03ymzP/6Lil/28tGeGEzhx1q2k703KGWRAI1VdvPIXdG70VJc2pAMw3NA6JKL5hhFu1sJX0Mnn/A==}
    engines: {node: '>=6.0.0'}

  '@jridgewell/sourcemap-codec@1.5.0':
    resolution: {integrity: sha512-gv3ZRaISU3fjPAgNsriBRqGWQL6quFx04YMPW/zD8XMLsU32mhCCbfbO6KZFLjvYpCZ8zyDEgqsgf+PwPaM7GQ==}

  '@jridgewell/trace-mapping@0.3.25':
    resolution: {integrity: sha512-vNk6aEwybGtawWmy/PzwnGDOjCkLWSD2wqvjGGAgOAwCGWySYXfYoxt00IJkTF+8Lb57DwOb3Aa0o9CApepiYQ==}

  '@polka/url@1.0.0-next.28':
    resolution: {integrity: sha512-8LduaNlMZGwdZ6qWrKlfa+2M4gahzFkprZiAt2TF8uS0qQgBizKXpXURqvTJ4WtmupWxaLqjRb2UCTe72mu+Aw==}

  '@rollup/rollup-android-arm-eabi@4.32.0':
    resolution: {integrity: sha512-G2fUQQANtBPsNwiVFg4zKiPQyjVKZCUdQUol53R8E71J7AsheRMV/Yv/nB8giOcOVqP7//eB5xPqieBYZe9bGg==}
    cpu: [arm]
    os: [android]

  '@rollup/rollup-android-arm64@4.32.0':
    resolution: {integrity: sha512-qhFwQ+ljoymC+j5lXRv8DlaJYY/+8vyvYmVx074zrLsu5ZGWYsJNLjPPVJJjhZQpyAKUGPydOq9hRLLNvh1s3A==}
    cpu: [arm64]
    os: [android]

  '@rollup/rollup-darwin-arm64@4.32.0':
    resolution: {integrity: sha512-44n/X3lAlWsEY6vF8CzgCx+LQaoqWGN7TzUfbJDiTIOjJm4+L2Yq+r5a8ytQRGyPqgJDs3Rgyo8eVL7n9iW6AQ==}
    cpu: [arm64]
    os: [darwin]

  '@rollup/rollup-darwin-x64@4.32.0':
    resolution: {integrity: sha512-F9ct0+ZX5Np6+ZDztxiGCIvlCaW87HBdHcozUfsHnj1WCUTBUubAoanhHUfnUHZABlElyRikI0mgcw/qdEm2VQ==}
    cpu: [x64]
    os: [darwin]

  '@rollup/rollup-freebsd-arm64@4.32.0':
    resolution: {integrity: sha512-JpsGxLBB2EFXBsTLHfkZDsXSpSmKD3VxXCgBQtlPcuAqB8TlqtLcbeMhxXQkCDv1avgwNjF8uEIbq5p+Cee0PA==}
    cpu: [arm64]
    os: [freebsd]

  '@rollup/rollup-freebsd-x64@4.32.0':
    resolution: {integrity: sha512-wegiyBT6rawdpvnD9lmbOpx5Sph+yVZKHbhnSP9MqUEDX08G4UzMU+D87jrazGE7lRSyTRs6NEYHtzfkJ3FjjQ==}
    cpu: [x64]
    os: [freebsd]

  '@rollup/rollup-linux-arm-gnueabihf@4.32.0':
    resolution: {integrity: sha512-3pA7xecItbgOs1A5H58dDvOUEboG5UfpTq3WzAdF54acBbUM+olDJAPkgj1GRJ4ZqE12DZ9/hNS2QZk166v92A==}
    cpu: [arm]
    os: [linux]

  '@rollup/rollup-linux-arm-musleabihf@4.32.0':
    resolution: {integrity: sha512-Y7XUZEVISGyge51QbYyYAEHwpGgmRrAxQXO3siyYo2kmaj72USSG8LtlQQgAtlGfxYiOwu+2BdbPjzEpcOpRmQ==}
    cpu: [arm]
    os: [linux]

  '@rollup/rollup-linux-arm64-gnu@4.32.0':
    resolution: {integrity: sha512-r7/OTF5MqeBrZo5omPXcTnjvv1GsrdH8a8RerARvDFiDwFpDVDnJyByYM/nX+mvks8XXsgPUxkwe/ltaX2VH7w==}
    cpu: [arm64]
    os: [linux]

  '@rollup/rollup-linux-arm64-musl@4.32.0':
    resolution: {integrity: sha512-HJbifC9vex9NqnlodV2BHVFNuzKL5OnsV2dvTw6e1dpZKkNjPG6WUq+nhEYV6Hv2Bv++BXkwcyoGlXnPrjAKXw==}
    cpu: [arm64]
    os: [linux]

  '@rollup/rollup-linux-loongarch64-gnu@4.32.0':
    resolution: {integrity: sha512-VAEzZTD63YglFlWwRj3taofmkV1V3xhebDXffon7msNz4b14xKsz7utO6F8F4cqt8K/ktTl9rm88yryvDpsfOw==}
    cpu: [loong64]
    os: [linux]

  '@rollup/rollup-linux-powerpc64le-gnu@4.32.0':
    resolution: {integrity: sha512-Sts5DST1jXAc9YH/iik1C9QRsLcCoOScf3dfbY5i4kH9RJpKxiTBXqm7qU5O6zTXBTEZry69bGszr3SMgYmMcQ==}
    cpu: [ppc64]
    os: [linux]

  '@rollup/rollup-linux-riscv64-gnu@4.32.0':
    resolution: {integrity: sha512-qhlXeV9AqxIyY9/R1h1hBD6eMvQCO34ZmdYvry/K+/MBs6d1nRFLm6BOiITLVI+nFAAB9kUB6sdJRKyVHXnqZw==}
    cpu: [riscv64]
    os: [linux]

  '@rollup/rollup-linux-s390x-gnu@4.32.0':
    resolution: {integrity: sha512-8ZGN7ExnV0qjXa155Rsfi6H8M4iBBwNLBM9lcVS+4NcSzOFaNqmt7djlox8pN1lWrRPMRRQ8NeDlozIGx3Omsw==}
    cpu: [s390x]
    os: [linux]

  '@rollup/rollup-linux-x64-gnu@4.32.0':
    resolution: {integrity: sha512-VDzNHtLLI5s7xd/VubyS10mq6TxvZBp+4NRWoW+Hi3tgV05RtVm4qK99+dClwTN1McA6PHwob6DEJ6PlXbY83A==}
    cpu: [x64]
    os: [linux]

  '@rollup/rollup-linux-x64-musl@4.32.0':
    resolution: {integrity: sha512-qcb9qYDlkxz9DxJo7SDhWxTWV1gFuwznjbTiov289pASxlfGbaOD54mgbs9+z94VwrXtKTu+2RqwlSTbiOqxGg==}
    cpu: [x64]
    os: [linux]

  '@rollup/rollup-win32-arm64-msvc@4.32.0':
    resolution: {integrity: sha512-pFDdotFDMXW2AXVbfdUEfidPAk/OtwE/Hd4eYMTNVVaCQ6Yl8et0meDaKNL63L44Haxv4UExpv9ydSf3aSayDg==}
    cpu: [arm64]
    os: [win32]

  '@rollup/rollup-win32-ia32-msvc@4.32.0':
    resolution: {integrity: sha512-/TG7WfrCAjeRNDvI4+0AAMoHxea/USWhAzf9PVDFHbcqrQ7hMMKp4jZIy4VEjk72AAfN5k4TiSMRXRKf/0akSw==}
    cpu: [ia32]
    os: [win32]

  '@rollup/rollup-win32-x64-msvc@4.32.0':
    resolution: {integrity: sha512-5hqO5S3PTEO2E5VjCePxv40gIgyS2KvO7E7/vvC/NbIW4SIRamkMr1hqj+5Y67fbBWv/bQLB6KelBQmXlyCjWA==}
    cpu: [x64]
    os: [win32]

  '@sveltejs/adapter-auto@4.0.0':
    resolution: {integrity: sha512-kmuYSQdD2AwThymQF0haQhM8rE5rhutQXG4LNbnbShwhMO4qQGnKaaTy+88DuNSuoQDi58+thpq8XpHc1+oEKQ==}
    peerDependencies:
      '@sveltejs/kit': ^2.0.0

  '@sveltejs/kit@2.16.1':
    resolution: {integrity: sha512-2pF5sgGJx9brYZ/9nNDYnh5KX0JguPF14dnvvtf/MqrvlWrDj/e7Rk3LBJPecFLLK1GRs6ZniD24gFPqZm/NFw==}
    engines: {node: '>=18.13'}
    hasBin: true
    peerDependencies:
      '@sveltejs/vite-plugin-svelte': ^3.0.0 || ^4.0.0-next.1 || ^5.0.0
      svelte: ^4.0.0 || ^5.0.0-next.0
      vite: ^5.0.3 || ^6.0.0

  '@sveltejs/vite-plugin-svelte-inspector@4.0.1':
    resolution: {integrity: sha512-J/Nmb2Q2y7mck2hyCX4ckVHcR5tu2J+MtBEQqpDrrgELZ2uvraQcK/ioCV61AqkdXFgriksOKIceDcQmqnGhVw==}
    engines: {node: ^18.0.0 || ^20.0.0 || >=22}
    peerDependencies:
      '@sveltejs/vite-plugin-svelte': ^5.0.0
      svelte: ^5.0.0
      vite: ^6.0.0

  '@sveltejs/vite-plugin-svelte@5.0.3':
    resolution: {integrity: sha512-MCFS6CrQDu1yGwspm4qtli0e63vaPCehf6V7pIMP15AsWgMKrqDGCPFF/0kn4SP0ii4aySu4Pa62+fIRGFMjgw==}
    engines: {node: ^18.0.0 || ^20.0.0 || >=22}
    peerDependencies:
      svelte: ^5.0.0
      vite: ^6.0.0

  '@sveltekit-i18n/base@1.3.7':
    resolution: {integrity: sha512-kg1kql1/ro/lIudwFiWrv949Q07gmweln87tflUZR51MNdXXzK4fiJQv5Mw50K/CdQ5BOk/dJ0WOH2vOtBI6yw==}
    peerDependencies:
      svelte: '>=3.49.0'

  '@sveltekit-i18n/parser-default@1.1.1':
    resolution: {integrity: sha512-/gtzLlqm/sox7EoPKD56BxGZktK/syGc79EbJAPWY5KVitQD9SM0TP8yJCqDxTVPk7Lk0WJhrBGUE2Nn0f5M1w==}

  '@tailwindcss/node@4.0.0':
    resolution: {integrity: sha512-tfG2uBvo6j6kDIPmntxwXggCOZAt7SkpAXJ6pTIYirNdk5FBqh/CZZ9BZPpgcl/tNFLs6zc4yghM76sqiELG9g==}

  '@tailwindcss/oxide-android-arm64@4.0.0':
    resolution: {integrity: sha512-EAhjU0+FIdyGPR+7MbBWubLLPtmOu+p7c2egTTFBRk/n//zYjNvVK0WhcBK5Y7oUB5mo4EjA2mCbY7dcEMWSRw==}
    engines: {node: '>= 10'}
    cpu: [arm64]
    os: [android]

  '@tailwindcss/oxide-darwin-arm64@4.0.0':
    resolution: {integrity: sha512-hdz4xnSWS11cIp+7ye+3dGHqs0X33z+BXXTtgPOguDWVa+TdXUzwxonklSzf5wlJFuot3dv5eWzhlNai0oYYQg==}
    engines: {node: '>= 10'}
    cpu: [arm64]
    os: [darwin]

  '@tailwindcss/oxide-darwin-x64@4.0.0':
    resolution: {integrity: sha512-+dOUUaXTkPKKhtUI9QtVaYg+MpmLh2CN0dHohiYXaBirEyPMkjaT0zbRgzQlNnQWjCVVXPQluIEb0OMEjSTH+Q==}
    engines: {node: '>= 10'}
    cpu: [x64]
    os: [darwin]

  '@tailwindcss/oxide-freebsd-x64@4.0.0':
    resolution: {integrity: sha512-CJhGDhxnrmu4SwyC62fA+wP24MhA/TZlIhRHqg1kRuIHoGoVR2uSSm1qxTxU37tSSZj8Up0q6jsBJCAP4k7rgQ==}
    engines: {node: '>= 10'}
    cpu: [x64]
    os: [freebsd]

  '@tailwindcss/oxide-linux-arm-gnueabihf@4.0.0':
    resolution: {integrity: sha512-Wy7Av0xzXfY2ujZBcYy4+7GQm25/J1iHvlQU2CfwdDCuPWfIjYzR6kggz+uVdSJyKV2s64znchBxRE8kV4uXSA==}
    engines: {node: '>= 10'}
    cpu: [arm]
    os: [linux]

  '@tailwindcss/oxide-linux-arm64-gnu@4.0.0':
    resolution: {integrity: sha512-srwBo2l6pvM0swBntc1ucuhGsfFOLkqPRFQ3dWARRTfSkL1U9nAsob2MKc/n47Eva/W9pZZgMOuf7rDw8pK1Ew==}
    engines: {node: '>= 10'}
    cpu: [arm64]
    os: [linux]

  '@tailwindcss/oxide-linux-arm64-musl@4.0.0':
    resolution: {integrity: sha512-abhusswkduYWuezkBmgo0K0/erGq3M4Se5xP0fhc/0dKs0X/rJUYYCFWntHb3IGh3aVzdQ0SXJs93P76DbUqtw==}
    engines: {node: '>= 10'}
    cpu: [arm64]
    os: [linux]

  '@tailwindcss/oxide-linux-x64-gnu@4.0.0':
    resolution: {integrity: sha512-hGtRYIUEx377/HlU49+jvVKKwU1MDSKYSMMs0JFO2Wp7LGxk5+0j5+RBk9NFnmp/lbp32yPTgIOO5m1BmDq36A==}
    engines: {node: '>= 10'}
    cpu: [x64]
    os: [linux]

  '@tailwindcss/oxide-linux-x64-musl@4.0.0':
    resolution: {integrity: sha512-7xgQgSAThs0I14VAgmxpJnK6XFSZBxHMGoDXkLyYkEnu+8WRQMbCP93dkCUn2PIv+Q+JulRgc00PJ09uORSLXQ==}
    engines: {node: '>= 10'}
    cpu: [x64]
    os: [linux]

  '@tailwindcss/oxide-win32-arm64-msvc@4.0.0':
    resolution: {integrity: sha512-qEcgTIPcWY5ZE7f6VxQ/JPrSFMcehzVIlZj7sGE3mVd5YWreAT+Fl1vSP8q2pjnWXn0avZG3Iw7a2hJQAm+fTQ==}
    engines: {node: '>= 10'}
    cpu: [arm64]
    os: [win32]

  '@tailwindcss/oxide-win32-x64-msvc@4.0.0':
    resolution: {integrity: sha512-bqT0AY8RXb8GMDy28JtngvqaOSB2YixbLPLvUo6I6lkvvUwA6Eqh2Tj60e2Lh7O/k083f8tYiB0WEK4wmTI7Jg==}
    engines: {node: '>= 10'}
    cpu: [x64]
    os: [win32]

  '@tailwindcss/oxide@4.0.0':
    resolution: {integrity: sha512-W3FjpJgy4VV1JiL7iBYDf2n/WkeDg1Il+0Q7eWnqPyvkPPCo/Mbwc5BiaT7dfBNV6tQKAhVE34rU5xl8pSl50w==}
    engines: {node: '>= 10'}

  '@tailwindcss/vite@4.0.0':
    resolution: {integrity: sha512-4uukMiU9gHui8KMPMdWic5SP1O/tmQ1NFSRNrQWmcop5evAVl/LZ6/LuWL3quEiecp2RBcRWwqJrG+mFXlRlew==}
    peerDependencies:
      vite: ^5.2.0 || ^6

  '@types/cookie@0.6.0':
    resolution: {integrity: sha512-4Kh9a6B2bQciAhf7FSuMRRkUWecJgJu9nPnx3yzpsfXX/c50REIqpHY4C82bXP90qrLtXtkDxTZosYO3UpOwlA==}

  '@types/estree@1.0.6':
    resolution: {integrity: sha512-AYnb1nQyY49te+VRAVgmzfcgjYS91mY5P0TKUDCLEM+gNnA+3T6rWITXRLYCpahpqSQbN5cE+gHpnPyXjHWxcw==}

  acorn-typescript@1.4.13:
    resolution: {integrity: sha512-xsc9Xv0xlVfwp2o7sQ+GCQ1PgbkdcpWdTzrwXxO3xDMTAywVS3oXVOcOHuRjAPkS4P9b+yc/qNF15460v+jp4Q==}
    peerDependencies:
      acorn: '>=8.9.0'

  acorn@8.14.0:
    resolution: {integrity: sha512-cl669nCJTZBsL97OF4kUQm5g5hC2uihk0NxY3WENAC0TYdILVkAyHymAntgxGkl7K+t0cXIrH5siy5S4XkFycA==}
    engines: {node: '>=0.4.0'}
    hasBin: true

  aria-query@5.3.2:
    resolution: {integrity: sha512-COROpnaoap1E2F000S62r6A60uHZnmlvomhfyT2DlTcrY1OrBKn2UhH7qn5wTC9zMvD0AY7csdPSNwKP+7WiQw==}
    engines: {node: '>= 0.4'}

  axobject-query@4.1.0:
    resolution: {integrity: sha512-qIj0G9wZbMGNLjLmg1PT6v2mE9AH2zlnADJD/2tC6E00hgmhUOfEB6greHPAfLRSufHqROIUTkw6E+M3lH0PTQ==}
    engines: {node: '>= 0.4'}

  chokidar@4.0.3:
    resolution: {integrity: sha512-Qgzu8kfBvo+cA4962jnP1KkS6Dop5NS6g7R5LFYJr4b8Ub94PPQXUksCw9PvXoeXPRRddRNC5C1JQUR2SMGtnA==}
    engines: {node: '>= 14.16.0'}

  clsx@2.1.1:
    resolution: {integrity: sha512-eYm0QWBtUrBWZWG0d386OGAw16Z995PiOVo2B7bjWSbHedGl5e0ZWaq65kOGgUSNesEIDkB9ISbTg/JK9dhCZA==}
    engines: {node: '>=6'}

  cookie@0.6.0:
    resolution: {integrity: sha512-U71cyTamuh1CRNCfpGY6to28lxvNwPG4Guz/EVjgf3Jmzv0vlDp1atT9eS5dDjMYHucpHbWns6Lwf3BKz6svdw==}
    engines: {node: '>= 0.6'}

  debug@4.4.0:
    resolution: {integrity: sha512-6WTZ/IxCY/T6BALoZHaE4ctp9xm+Z5kY/pzYaCHRFeyVhojxlrm+46y68HA6hr0TcwEssoxNiDEUJQjfPZ/RYA==}
    engines: {node: '>=6.0'}
    peerDependencies:
      supports-color: '*'
    peerDependenciesMeta:
      supports-color:
        optional: true

  deepmerge@4.3.1:
    resolution: {integrity: sha512-3sUqbMEc77XqpdNO7FRyRog+eW3ph+GYCbj+rK+uYyRMuwsVy0rMiVtPn+QJlKFvWP/1PYpapqYn0Me2knFn+A==}
    engines: {node: '>=0.10.0'}

  detect-libc@1.0.3:
    resolution: {integrity: sha512-pGjwhsmsp4kL2RTz08wcOlGN83otlqHeD/Z5T8GXZB+/YcpQ/dgo+lbU8ZsGxV0HIvqqxo9l7mqYwyYMD9bKDg==}
    engines: {node: '>=0.10'}
    hasBin: true

  devalue@5.1.1:
    resolution: {integrity: sha512-maua5KUiapvEwiEAe+XnlZ3Rh0GD+qI1J/nb9vrJc3muPXvcF/8gXYTWF76+5DAqHyDUtOIImEuo0YKE9mshVw==}

  enhanced-resolve@5.18.0:
    resolution: {integrity: sha512-0/r0MySGYG8YqlayBZ6MuCfECmHFdJ5qyPh8s8wa5Hnm6SaFLSK1VYCbj+NKp090Nm1caZhD+QTnmxO7esYGyQ==}
    engines: {node: '>=10.13.0'}

  esbuild@0.24.2:
    resolution: {integrity: sha512-+9egpBW8I3CD5XPe0n6BfT5fxLzxrlDzqydF3aviG+9ni1lDC/OvMHcxqEFV0+LANZG5R1bFMWfUrjVsdwxJvA==}
    engines: {node: '>=18'}
    hasBin: true

  esm-env@1.2.2:
    resolution: {integrity: sha512-Epxrv+Nr/CaL4ZcFGPJIYLWFom+YeV1DqMLHJoEd9SYRxNbaFruBwfEX/kkHUJf55j2+TUbmDcmuilbP1TmXHA==}

  esrap@1.4.3:
    resolution: {integrity: sha512-Xddc1RsoFJ4z9nR7W7BFaEPIp4UXoeQ0+077UdWLxbafMQFyU79sQJMk7kxNgRwQ9/aVgaKacCHC2pUACGwmYw==}

  fdir@6.4.3:
    resolution: {integrity: sha512-PMXmW2y1hDDfTSRc9gaXIuCCRpuoz3Kaz8cUelp3smouvfT632ozg2vrT6lJsHKKOF59YLbOGfAWGUcKEfRMQw==}
    peerDependencies:
      picomatch: ^3 || ^4
    peerDependenciesMeta:
      picomatch:
        optional: true

  fsevents@2.3.3:
    resolution: {integrity: sha512-5xoDfX+fL7faATnagmWPpbFtwh/R77WmMMqqHGS65C3vvB0YHrgF+B1YmZ3441tMj5n63k0212XNoJwzlhffQw==}
    engines: {node: ^8.16.0 || ^10.6.0 || >=11.0.0}
    os: [darwin]

  graceful-fs@4.2.11:
    resolution: {integrity: sha512-RbJ5/jmFcNNCcDV5o9eTnBLJ/HszWV0P73bc+Ff4nS/rJj+YaS6IGyiOL0VoBYX+l1Wrl3k63h/KrH+nhJ0XvQ==}

  import-meta-resolve@4.1.0:
    resolution: {integrity: sha512-I6fiaX09Xivtk+THaMfAwnA3MVA5Big1WHF1Dfx9hFuvNIWpXnorlkzhcQf6ehrqQiiZECRt1poOAkPmer3ruw==}

  is-reference@3.0.3:
    resolution: {integrity: sha512-ixkJoqQvAP88E6wLydLGGqCJsrFUnqoH6HnaczB8XmDH1oaWU+xxdptvikTgaEhtZ53Ky6YXiBuUI2WXLMCwjw==}

  jiti@2.4.2:
    resolution: {integrity: sha512-rg9zJN+G4n2nfJl5MW3BMygZX56zKPNVEYYqq7adpmMh4Jn2QNEwhvQlFy6jPVdcod7txZtKHWnyZiA3a0zP7A==}
    hasBin: true

  kleur@4.1.5:
    resolution: {integrity: sha512-o+NO+8WrRiQEE4/7nwRJhN1HWpVmJm511pBHUxPLtp0BUISzlBplORYSmTclCnJvQq2tKu/sgl3xVpkc7ZWuQQ==}
    engines: {node: '>=6'}

  lightningcss-darwin-arm64@1.29.1:
    resolution: {integrity: sha512-HtR5XJ5A0lvCqYAoSv2QdZZyoHNttBpa5EP9aNuzBQeKGfbyH5+UipLWvVzpP4Uml5ej4BYs5I9Lco9u1fECqw==}
    engines: {node: '>= 12.0.0'}
    cpu: [arm64]
    os: [darwin]

  lightningcss-darwin-x64@1.29.1:
    resolution: {integrity: sha512-k33G9IzKUpHy/J/3+9MCO4e+PzaFblsgBjSGlpAaFikeBFm8B/CkO3cKU9oI4g+fjS2KlkLM/Bza9K/aw8wsNA==}
    engines: {node: '>= 12.0.0'}
    cpu: [x64]
    os: [darwin]

  lightningcss-freebsd-x64@1.29.1:
    resolution: {integrity: sha512-0SUW22fv/8kln2LnIdOCmSuXnxgxVC276W5KLTwoehiO0hxkacBxjHOL5EtHD8BAXg2BvuhsJPmVMasvby3LiQ==}
    engines: {node: '>= 12.0.0'}
    cpu: [x64]
    os: [freebsd]

  lightningcss-linux-arm-gnueabihf@1.29.1:
    resolution: {integrity: sha512-sD32pFvlR0kDlqsOZmYqH/68SqUMPNj+0pucGxToXZi4XZgZmqeX/NkxNKCPsswAXU3UeYgDSpGhu05eAufjDg==}
    engines: {node: '>= 12.0.0'}
    cpu: [arm]
    os: [linux]

  lightningcss-linux-arm64-gnu@1.29.1:
    resolution: {integrity: sha512-0+vClRIZ6mmJl/dxGuRsE197o1HDEeeRk6nzycSy2GofC2JsY4ifCRnvUWf/CUBQmlrvMzt6SMQNMSEu22csWQ==}
    engines: {node: '>= 12.0.0'}
    cpu: [arm64]
    os: [linux]

  lightningcss-linux-arm64-musl@1.29.1:
    resolution: {integrity: sha512-UKMFrG4rL/uHNgelBsDwJcBqVpzNJbzsKkbI3Ja5fg00sgQnHw/VrzUTEc4jhZ+AN2BvQYz/tkHu4vt1kLuJyw==}
    engines: {node: '>= 12.0.0'}
    cpu: [arm64]
    os: [linux]

  lightningcss-linux-x64-gnu@1.29.1:
    resolution: {integrity: sha512-u1S+xdODy/eEtjADqirA774y3jLcm8RPtYztwReEXoZKdzgsHYPl0s5V52Tst+GKzqjebkULT86XMSxejzfISw==}
    engines: {node: '>= 12.0.0'}
    cpu: [x64]
    os: [linux]

  lightningcss-linux-x64-musl@1.29.1:
    resolution: {integrity: sha512-L0Tx0DtaNUTzXv0lbGCLB/c/qEADanHbu4QdcNOXLIe1i8i22rZRpbT3gpWYsCh9aSL9zFujY/WmEXIatWvXbw==}
    engines: {node: '>= 12.0.0'}
    cpu: [x64]
    os: [linux]

  lightningcss-win32-arm64-msvc@1.29.1:
    resolution: {integrity: sha512-QoOVnkIEFfbW4xPi+dpdft/zAKmgLgsRHfJalEPYuJDOWf7cLQzYg0DEh8/sn737FaeMJxHZRc1oBreiwZCjog==}
    engines: {node: '>= 12.0.0'}
    cpu: [arm64]
    os: [win32]

  lightningcss-win32-x64-msvc@1.29.1:
    resolution: {integrity: sha512-NygcbThNBe4JElP+olyTI/doBNGJvLs3bFCRPdvuCcxZCcCZ71B858IHpdm7L1btZex0FvCmM17FK98Y9MRy1Q==}
    engines: {node: '>= 12.0.0'}
    cpu: [x64]
    os: [win32]

  lightningcss@1.29.1:
    resolution: {integrity: sha512-FmGoeD4S05ewj+AkhTY+D+myDvXI6eL27FjHIjoyUkO/uw7WZD1fBVs0QxeYWa7E17CUHJaYX/RUGISCtcrG4Q==}
    engines: {node: '>= 12.0.0'}

  locate-character@3.0.0:
    resolution: {integrity: sha512-SW13ws7BjaeJ6p7Q6CO2nchbYEc3X3J6WrmTTDto7yMPqVSZTUyY5Tjbid+Ab8gLnATtygYtiDIJGQRRn2ZOiA==}

  magic-string@0.30.17:
    resolution: {integrity: sha512-sNPKHvyjVf7gyjwS4xGTaW/mCnF8wnjtifKBEhxfZ7E/S8tQ0rssrwGNn6q8JH/ohItJfSQp9mBtQYuTlH5QnA==}

  mri@1.2.0:
    resolution: {integrity: sha512-tzzskb3bG8LvYGFF/mDTpq3jpI6Q9wc3LEmBaghu+DdCssd1FakN7Bc0hVNmEyGq1bq3RgfkCb3cmQLpNPOroA==}
    engines: {node: '>=4'}

  mrmime@2.0.0:
    resolution: {integrity: sha512-eu38+hdgojoyq63s+yTpN4XMBdt5l8HhMhc4VKLO9KM5caLIBvUm4thi7fFaxyTmCKeNnXZ5pAlBwCUnhA09uw==}
    engines: {node: '>=10'}

  ms@2.1.3:
    resolution: {integrity: sha512-6FlzubTLZG3J2a/NVCAleEhjzq5oxgHyaCU9yYXvcLsvoVaHJq/s5xXI6/XXP6tz7R9xAOtHnSO/tXtF3WRTlA==}

  nanoid@3.3.8:
    resolution: {integrity: sha512-WNLf5Sd8oZxOm+TzppcYk8gVOgP+l58xNy58D0nbUnOxOWRWvlcCV4kUF7ltmI6PsrLl/BgKEyS4mqsGChFN0w==}
    engines: {node: ^10 || ^12 || ^13.7 || ^14 || >=15.0.1}
    hasBin: true

  picocolors@1.1.1:
    resolution: {integrity: sha512-xceH2snhtb5M9liqDsmEw56le376mTZkEX/jEb/RxNFyegNul7eNslCXP9FDj/Lcu0X8KEyMceP2ntpaHrDEVA==}

  postcss@8.5.1:
    resolution: {integrity: sha512-6oz2beyjc5VMn/KV1pPw8fliQkhBXrVn1Z3TVyqZxU8kZpzEKhBdmCFqI6ZbmGtamQvQGuU1sgPTk8ZrXDD7jQ==}
    engines: {node: ^10 || ^12 || >=14}

  prettier-plugin-svelte@3.3.3:
    resolution: {integrity: sha512-yViK9zqQ+H2qZD1w/bH7W8i+bVfKrD8GIFjkFe4Thl6kCT9SlAsXVNmt3jCvQOCsnOhcvYgsoVlRV/Eu6x5nNw==}
    peerDependencies:
      prettier: ^3.0.0
      svelte: ^3.2.0 || ^4.0.0-next.0 || ^5.0.0-next.0

  prettier@3.4.2:
    resolution: {integrity: sha512-e9MewbtFo+Fevyuxn/4rrcDAaq0IYxPGLvObpQjiZBMAzB9IGmzlnG9RZy3FFas+eBMu2vA0CszMeduow5dIuQ==}
    engines: {node: '>=14'}
    hasBin: true

  readdirp@4.1.1:
    resolution: {integrity: sha512-h80JrZu/MHUZCyHu5ciuoI0+WxsCxzxJTILn6Fs8rxSnFPh+UVHYfeIxK1nVGugMqkfC4vJcBOYbkfkwYK0+gw==}
    engines: {node: '>= 14.18.0'}

  rollup@4.32.0:
    resolution: {integrity: sha512-JmrhfQR31Q4AuNBjjAX4s+a/Pu/Q8Q9iwjWBsjRH1q52SPFE2NqRMK6fUZKKnvKO6id+h7JIRf0oYsph53eATg==}
    engines: {node: '>=18.0.0', npm: '>=8.0.0'}
    hasBin: true

  sade@1.8.1:
    resolution: {integrity: sha512-xal3CZX1Xlo/k4ApwCFrHVACi9fBqJ7V+mwhBsuf/1IOKbBy098Fex+Wa/5QMubw09pSZ/u8EY8PWgevJsXp1A==}
    engines: {node: '>=6'}

  schema-dts@1.1.2:
    resolution: {integrity: sha512-MpNwH0dZJHinVxk9bT8XUdjKTxMYrA5bLtrrGmFA6PTLwlOKnhi67XoRd6/ty+Djt6ZC0slR57qFhZDNMI6DhQ==}
    peerDependencies:
      typescript: '>=4.1.0'

  set-cookie-parser@2.7.1:
    resolution: {integrity: sha512-IOc8uWeOZgnb3ptbCURJWNjWUPcO3ZnTTdzsurqERrP6nPyv+paC55vJM0LpOlT2ne+Ix+9+CRG1MNLlyZ4GjQ==}

  sirv@3.0.0:
    resolution: {integrity: sha512-BPwJGUeDaDCHihkORDchNyyTvWFhcusy1XMmhEVTQTwGeybFbp8YEmB+njbPnth1FibULBSBVwCQni25XlCUDg==}
    engines: {node: '>=18'}

  source-map-js@1.2.1:
    resolution: {integrity: sha512-UXWMKhLOwVKb728IUtQPXxfYU+usdybtUrK/8uGE8CQMvrhOpwvzDBwj0QhSL7MQc7vIsISBG8VQ8+IDQxpfQA==}
    engines: {node: '>=0.10.0'}

  svelte-check@4.1.4:
    resolution: {integrity: sha512-v0j7yLbT29MezzaQJPEDwksybTE2Ups9rUxEXy92T06TiA0cbqcO8wAOwNUVkFW6B0hsYHA+oAX3BS8b/2oHtw==}
    engines: {node: '>= 18.0.0'}
    hasBin: true
    peerDependencies:
      svelte: ^4.0.0 || ^5.0.0-next.0
      typescript: '>=5.0.0'

  svelte-compare-slider@0.2.0:
    resolution: {integrity: sha512-feUy3P6ACRBlB5Djjga10ikR+gVVcG2DtT+kWZFScZsnI3rJSxXWtSPqQm1sOZVWbW6lU+igpaKE53eqzkTn+Q==}
    peerDependencies:
      svelte: ^5.0.0

  svelte-meta-tags@4.1.0:
    resolution: {integrity: sha512-XBG4L6wOEabMMNzKgYW5u5vsdkOKNbHqUY/UeAhSrsxNubCP5suh8yGCjtw7qx76kToQ4qDR6Z9VSN4Yuj2bMQ==}
    peerDependencies:
      svelte: ^5.0.0

  svelte@5.19.3:
    resolution: {integrity: sha512-rb/bkYG9jq67OCWikMvaPnfOobyGn0JizVDwHpdeBtLiNXPMcoA9GTFC3BhptP7xGNquUU8J5GiS7PlGlfDAFA==}
    engines: {node: '>=18'}

  sveltekit-i18n@2.4.2:
    resolution: {integrity: sha512-hjRWn4V4DBL8JQKJoJa3MRvn6d32Zo+rWkoSP5bsQ/XIAguPdQUZJ8LMe6Nc1rST8WEVdu9+vZI3aFdKYGR3+Q==}
    peerDependencies:
      svelte: '>=3.49.0'

  tailwindcss@4.0.0:
    resolution: {integrity: sha512-ULRPI3A+e39T7pSaf1xoi58AqqJxVCLg8F/uM5A3FadUbnyDTgltVnXJvdkTjwCOGA6NazqHVcwPJC5h2vRYVQ==}

  tapable@2.2.1:
    resolution: {integrity: sha512-GNzQvQTOIP6RyTfE2Qxb8ZVlNmw0n88vp1szwWRimP02mnTsx3Wtn5qRdqY9w2XduFNUgvOwhNnQsjwCp+kqaQ==}
    engines: {node: '>=6'}

  totalist@3.0.1:
    resolution: {integrity: sha512-sf4i37nQ2LBx4m3wB74y+ubopq6W/dIzXg0FDGjsYnZHVa1Da8FH853wlL2gtUhg+xJXjfk3kUZS3BRoQeoQBQ==}
    engines: {node: '>=6'}

  typescript@5.7.3:
    resolution: {integrity: sha512-84MVSjMEHP+FQRPy3pX9sTVV/INIex71s9TL2Gm5FG/WG1SqXeKyZ0k7/blY/4FdOzI12CBy1vGc4og/eus0fw==}
    engines: {node: '>=14.17'}
    hasBin: true

  vite@6.0.11:
    resolution: {integrity: sha512-4VL9mQPKoHy4+FE0NnRE/kbY51TOfaknxAjt3fJbGJxhIpBZiqVzlZDEesWWsuREXHwNdAoOFZ9MkPEVXczHwg==}
    engines: {node: ^18.0.0 || ^20.0.0 || >=22.0.0}
    hasBin: true
    peerDependencies:
      '@types/node': ^18.0.0 || ^20.0.0 || >=22.0.0
      jiti: '>=1.21.0'
      less: '*'
      lightningcss: ^1.21.0
      sass: '*'
      sass-embedded: '*'
      stylus: '*'
      sugarss: '*'
      terser: ^5.16.0
      tsx: ^4.8.1
      yaml: ^2.4.2
    peerDependenciesMeta:
      '@types/node':
        optional: true
      jiti:
        optional: true
      less:
        optional: true
      lightningcss:
        optional: true
      sass:
        optional: true
      sass-embedded:
        optional: true
      stylus:
        optional: true
      sugarss:
        optional: true
      terser:
        optional: true
      tsx:
        optional: true
      yaml:
        optional: true

  vitefu@1.0.5:
    resolution: {integrity: sha512-h4Vflt9gxODPFNGPwp4zAMZRpZR7eslzwH2c5hn5kNZ5rhnKyRJ50U+yGCdc2IRaBs8O4haIgLNGrV5CrpMsCA==}
    peerDependencies:
      vite: ^3.0.0 || ^4.0.0 || ^5.0.0 || ^6.0.0
    peerDependenciesMeta:
      vite:
        optional: true

  yaml@2.7.0:
    resolution: {integrity: sha512-+hSoy/QHluxmC9kCIJyL/uyFmLmc+e5CFR5Wa+bpIhIj85LVb9ZH2nVnqrHoSvKogwODv0ClqZkmiSSaIH5LTA==}
    engines: {node: '>= 14'}
    hasBin: true

  zimmerframe@1.1.2:
    resolution: {integrity: sha512-rAbqEGa8ovJy4pyBxZM70hg4pE6gDgaQ0Sl9M3enG3I0d6H4XSAM3GeNGLKnsBpuijUow064sf7ww1nutC5/3w==}

snapshots:

  '@ampproject/remapping@2.3.0':
    dependencies:
      '@jridgewell/gen-mapping': 0.3.8
      '@jridgewell/trace-mapping': 0.3.25

  '@esbuild/aix-ppc64@0.24.2':
    optional: true

  '@esbuild/android-arm64@0.24.2':
    optional: true

  '@esbuild/android-arm@0.24.2':
    optional: true

  '@esbuild/android-x64@0.24.2':
    optional: true

  '@esbuild/darwin-arm64@0.24.2':
    optional: true

  '@esbuild/darwin-x64@0.24.2':
    optional: true

  '@esbuild/freebsd-arm64@0.24.2':
    optional: true

  '@esbuild/freebsd-x64@0.24.2':
    optional: true

  '@esbuild/linux-arm64@0.24.2':
    optional: true

  '@esbuild/linux-arm@0.24.2':
    optional: true

  '@esbuild/linux-ia32@0.24.2':
    optional: true

  '@esbuild/linux-loong64@0.24.2':
    optional: true

  '@esbuild/linux-mips64el@0.24.2':
    optional: true

  '@esbuild/linux-ppc64@0.24.2':
    optional: true

  '@esbuild/linux-riscv64@0.24.2':
    optional: true

  '@esbuild/linux-s390x@0.24.2':
    optional: true

  '@esbuild/linux-x64@0.24.2':
    optional: true

  '@esbuild/netbsd-arm64@0.24.2':
    optional: true

  '@esbuild/netbsd-x64@0.24.2':
    optional: true

  '@esbuild/openbsd-arm64@0.24.2':
    optional: true

  '@esbuild/openbsd-x64@0.24.2':
    optional: true

  '@esbuild/sunos-x64@0.24.2':
    optional: true

  '@esbuild/win32-arm64@0.24.2':
    optional: true

  '@esbuild/win32-ia32@0.24.2':
    optional: true

  '@esbuild/win32-x64@0.24.2':
    optional: true

  '@jridgewell/gen-mapping@0.3.8':
    dependencies:
      '@jridgewell/set-array': 1.2.1
      '@jridgewell/sourcemap-codec': 1.5.0
      '@jridgewell/trace-mapping': 0.3.25

  '@jridgewell/resolve-uri@3.1.2': {}

  '@jridgewell/set-array@1.2.1': {}

  '@jridgewell/sourcemap-codec@1.5.0': {}

  '@jridgewell/trace-mapping@0.3.25':
    dependencies:
      '@jridgewell/resolve-uri': 3.1.2
      '@jridgewell/sourcemap-codec': 1.5.0

  '@polka/url@1.0.0-next.28': {}

  '@rollup/rollup-android-arm-eabi@4.32.0':
    optional: true

  '@rollup/rollup-android-arm64@4.32.0':
    optional: true

  '@rollup/rollup-darwin-arm64@4.32.0':
    optional: true

  '@rollup/rollup-darwin-x64@4.32.0':
    optional: true

  '@rollup/rollup-freebsd-arm64@4.32.0':
    optional: true

  '@rollup/rollup-freebsd-x64@4.32.0':
    optional: true

  '@rollup/rollup-linux-arm-gnueabihf@4.32.0':
    optional: true

  '@rollup/rollup-linux-arm-musleabihf@4.32.0':
    optional: true

  '@rollup/rollup-linux-arm64-gnu@4.32.0':
    optional: true

  '@rollup/rollup-linux-arm64-musl@4.32.0':
    optional: true

  '@rollup/rollup-linux-loongarch64-gnu@4.32.0':
    optional: true

  '@rollup/rollup-linux-powerpc64le-gnu@4.32.0':
    optional: true

  '@rollup/rollup-linux-riscv64-gnu@4.32.0':
    optional: true

  '@rollup/rollup-linux-s390x-gnu@4.32.0':
    optional: true

  '@rollup/rollup-linux-x64-gnu@4.32.0':
    optional: true

  '@rollup/rollup-linux-x64-musl@4.32.0':
    optional: true

  '@rollup/rollup-win32-arm64-msvc@4.32.0':
    optional: true

  '@rollup/rollup-win32-ia32-msvc@4.32.0':
    optional: true

  '@rollup/rollup-win32-x64-msvc@4.32.0':
    optional: true

  '@sveltejs/adapter-auto@4.0.0(@sveltejs/kit@2.16.1(@sveltejs/vite-plugin-svelte@5.0.3(svelte@5.19.3)(vite@6.0.11(jiti@2.4.2)(lightningcss@1.29.1)(yaml@2.7.0)))(svelte@5.19.3)(vite@6.0.11(jiti@2.4.2)(lightningcss@1.29.1)(yaml@2.7.0)))':
    dependencies:
      '@sveltejs/kit': 2.16.1(@sveltejs/vite-plugin-svelte@5.0.3(svelte@5.19.3)(vite@6.0.11(jiti@2.4.2)(lightningcss@1.29.1)(yaml@2.7.0)))(svelte@5.19.3)(vite@6.0.11(jiti@2.4.2)(lightningcss@1.29.1)(yaml@2.7.0))
      import-meta-resolve: 4.1.0

  '@sveltejs/kit@2.16.1(@sveltejs/vite-plugin-svelte@5.0.3(svelte@5.19.3)(vite@6.0.11(jiti@2.4.2)(lightningcss@1.29.1)(yaml@2.7.0)))(svelte@5.19.3)(vite@6.0.11(jiti@2.4.2)(lightningcss@1.29.1)(yaml@2.7.0))':
    dependencies:
      '@sveltejs/vite-plugin-svelte': 5.0.3(svelte@5.19.3)(vite@6.0.11(jiti@2.4.2)(lightningcss@1.29.1)(yaml@2.7.0))
      '@types/cookie': 0.6.0
      cookie: 0.6.0
      devalue: 5.1.1
      esm-env: 1.2.2
      import-meta-resolve: 4.1.0
      kleur: 4.1.5
      magic-string: 0.30.17
      mrmime: 2.0.0
      sade: 1.8.1
      set-cookie-parser: 2.7.1
      sirv: 3.0.0
      svelte: 5.19.3
      vite: 6.0.11(jiti@2.4.2)(lightningcss@1.29.1)(yaml@2.7.0)

  '@sveltejs/vite-plugin-svelte-inspector@4.0.1(@sveltejs/vite-plugin-svelte@5.0.3(svelte@5.19.3)(vite@6.0.11(jiti@2.4.2)(lightningcss@1.29.1)(yaml@2.7.0)))(svelte@5.19.3)(vite@6.0.11(jiti@2.4.2)(lightningcss@1.29.1)(yaml@2.7.0))':
    dependencies:
      '@sveltejs/vite-plugin-svelte': 5.0.3(svelte@5.19.3)(vite@6.0.11(jiti@2.4.2)(lightningcss@1.29.1)(yaml@2.7.0))
      debug: 4.4.0
      svelte: 5.19.3
      vite: 6.0.11(jiti@2.4.2)(lightningcss@1.29.1)(yaml@2.7.0)
    transitivePeerDependencies:
      - supports-color

  '@sveltejs/vite-plugin-svelte@5.0.3(svelte@5.19.3)(vite@6.0.11(jiti@2.4.2)(lightningcss@1.29.1)(yaml@2.7.0))':
    dependencies:
      '@sveltejs/vite-plugin-svelte-inspector': 4.0.1(@sveltejs/vite-plugin-svelte@5.0.3(svelte@5.19.3)(vite@6.0.11(jiti@2.4.2)(lightningcss@1.29.1)(yaml@2.7.0)))(svelte@5.19.3)(vite@6.0.11(jiti@2.4.2)(lightningcss@1.29.1)(yaml@2.7.0))
      debug: 4.4.0
      deepmerge: 4.3.1
      kleur: 4.1.5
      magic-string: 0.30.17
      svelte: 5.19.3
      vite: 6.0.11(jiti@2.4.2)(lightningcss@1.29.1)(yaml@2.7.0)
      vitefu: 1.0.5(vite@6.0.11(jiti@2.4.2)(lightningcss@1.29.1)(yaml@2.7.0))
    transitivePeerDependencies:
      - supports-color

  '@sveltekit-i18n/base@1.3.7(svelte@5.19.3)':
    dependencies:
      svelte: 5.19.3

  '@sveltekit-i18n/parser-default@1.1.1': {}

  '@tailwindcss/node@4.0.0':
    dependencies:
      enhanced-resolve: 5.18.0
      jiti: 2.4.2
      tailwindcss: 4.0.0

  '@tailwindcss/oxide-android-arm64@4.0.0':
    optional: true

  '@tailwindcss/oxide-darwin-arm64@4.0.0':
    optional: true

  '@tailwindcss/oxide-darwin-x64@4.0.0':
    optional: true

  '@tailwindcss/oxide-freebsd-x64@4.0.0':
    optional: true

  '@tailwindcss/oxide-linux-arm-gnueabihf@4.0.0':
    optional: true

  '@tailwindcss/oxide-linux-arm64-gnu@4.0.0':
    optional: true

  '@tailwindcss/oxide-linux-arm64-musl@4.0.0':
    optional: true

  '@tailwindcss/oxide-linux-x64-gnu@4.0.0':
    optional: true

  '@tailwindcss/oxide-linux-x64-musl@4.0.0':
    optional: true

  '@tailwindcss/oxide-win32-arm64-msvc@4.0.0':
    optional: true

  '@tailwindcss/oxide-win32-x64-msvc@4.0.0':
    optional: true

  '@tailwindcss/oxide@4.0.0':
    optionalDependencies:
      '@tailwindcss/oxide-android-arm64': 4.0.0
      '@tailwindcss/oxide-darwin-arm64': 4.0.0
      '@tailwindcss/oxide-darwin-x64': 4.0.0
      '@tailwindcss/oxide-freebsd-x64': 4.0.0
      '@tailwindcss/oxide-linux-arm-gnueabihf': 4.0.0
      '@tailwindcss/oxide-linux-arm64-gnu': 4.0.0
      '@tailwindcss/oxide-linux-arm64-musl': 4.0.0
      '@tailwindcss/oxide-linux-x64-gnu': 4.0.0
      '@tailwindcss/oxide-linux-x64-musl': 4.0.0
      '@tailwindcss/oxide-win32-arm64-msvc': 4.0.0
      '@tailwindcss/oxide-win32-x64-msvc': 4.0.0

  '@tailwindcss/vite@4.0.0(vite@6.0.11(jiti@2.4.2)(lightningcss@1.29.1)(yaml@2.7.0))':
    dependencies:
      '@tailwindcss/node': 4.0.0
      '@tailwindcss/oxide': 4.0.0
      lightningcss: 1.29.1
      tailwindcss: 4.0.0
      vite: 6.0.11(jiti@2.4.2)(lightningcss@1.29.1)(yaml@2.7.0)

  '@types/cookie@0.6.0': {}

  '@types/estree@1.0.6': {}

  acorn-typescript@1.4.13(acorn@8.14.0):
    dependencies:
      acorn: 8.14.0

  acorn@8.14.0: {}

  aria-query@5.3.2: {}

  axobject-query@4.1.0: {}

  chokidar@4.0.3:
    dependencies:
      readdirp: 4.1.1

  clsx@2.1.1: {}

  cookie@0.6.0: {}

  debug@4.4.0:
    dependencies:
      ms: 2.1.3

  deepmerge@4.3.1: {}

  detect-libc@1.0.3: {}

  devalue@5.1.1: {}

  enhanced-resolve@5.18.0:
    dependencies:
      graceful-fs: 4.2.11
      tapable: 2.2.1

  esbuild@0.24.2:
    optionalDependencies:
      '@esbuild/aix-ppc64': 0.24.2
      '@esbuild/android-arm': 0.24.2
      '@esbuild/android-arm64': 0.24.2
      '@esbuild/android-x64': 0.24.2
      '@esbuild/darwin-arm64': 0.24.2
      '@esbuild/darwin-x64': 0.24.2
      '@esbuild/freebsd-arm64': 0.24.2
      '@esbuild/freebsd-x64': 0.24.2
      '@esbuild/linux-arm': 0.24.2
      '@esbuild/linux-arm64': 0.24.2
      '@esbuild/linux-ia32': 0.24.2
      '@esbuild/linux-loong64': 0.24.2
      '@esbuild/linux-mips64el': 0.24.2
      '@esbuild/linux-ppc64': 0.24.2
      '@esbuild/linux-riscv64': 0.24.2
      '@esbuild/linux-s390x': 0.24.2
      '@esbuild/linux-x64': 0.24.2
      '@esbuild/netbsd-arm64': 0.24.2
      '@esbuild/netbsd-x64': 0.24.2
      '@esbuild/openbsd-arm64': 0.24.2
      '@esbuild/openbsd-x64': 0.24.2
      '@esbuild/sunos-x64': 0.24.2
      '@esbuild/win32-arm64': 0.24.2
      '@esbuild/win32-ia32': 0.24.2
      '@esbuild/win32-x64': 0.24.2

  esm-env@1.2.2: {}

  esrap@1.4.3:
    dependencies:
      '@jridgewell/sourcemap-codec': 1.5.0

  fdir@6.4.3: {}

  fsevents@2.3.3:
    optional: true

  graceful-fs@4.2.11: {}

  import-meta-resolve@4.1.0: {}

  is-reference@3.0.3:
    dependencies:
      '@types/estree': 1.0.6

  jiti@2.4.2: {}

  kleur@4.1.5: {}

  lightningcss-darwin-arm64@1.29.1:
    optional: true

  lightningcss-darwin-x64@1.29.1:
    optional: true

  lightningcss-freebsd-x64@1.29.1:
    optional: true

  lightningcss-linux-arm-gnueabihf@1.29.1:
    optional: true

  lightningcss-linux-arm64-gnu@1.29.1:
    optional: true

  lightningcss-linux-arm64-musl@1.29.1:
    optional: true

  lightningcss-linux-x64-gnu@1.29.1:
    optional: true

  lightningcss-linux-x64-musl@1.29.1:
    optional: true

  lightningcss-win32-arm64-msvc@1.29.1:
    optional: true

  lightningcss-win32-x64-msvc@1.29.1:
    optional: true

  lightningcss@1.29.1:
    dependencies:
      detect-libc: 1.0.3
    optionalDependencies:
      lightningcss-darwin-arm64: 1.29.1
      lightningcss-darwin-x64: 1.29.1
      lightningcss-freebsd-x64: 1.29.1
      lightningcss-linux-arm-gnueabihf: 1.29.1
      lightningcss-linux-arm64-gnu: 1.29.1
      lightningcss-linux-arm64-musl: 1.29.1
      lightningcss-linux-x64-gnu: 1.29.1
      lightningcss-linux-x64-musl: 1.29.1
      lightningcss-win32-arm64-msvc: 1.29.1
      lightningcss-win32-x64-msvc: 1.29.1

  locate-character@3.0.0: {}

  magic-string@0.30.17:
    dependencies:
      '@jridgewell/sourcemap-codec': 1.5.0

  mri@1.2.0: {}

  mrmime@2.0.0: {}

  ms@2.1.3: {}

  nanoid@3.3.8: {}

  picocolors@1.1.1: {}

  postcss@8.5.1:
    dependencies:
      nanoid: 3.3.8
      picocolors: 1.1.1
      source-map-js: 1.2.1

  prettier-plugin-svelte@3.3.3(prettier@3.4.2)(svelte@5.19.3):
    dependencies:
      prettier: 3.4.2
      svelte: 5.19.3

  prettier@3.4.2: {}

  readdirp@4.1.1: {}

  rollup@4.32.0:
    dependencies:
      '@types/estree': 1.0.6
    optionalDependencies:
      '@rollup/rollup-android-arm-eabi': 4.32.0
      '@rollup/rollup-android-arm64': 4.32.0
      '@rollup/rollup-darwin-arm64': 4.32.0
      '@rollup/rollup-darwin-x64': 4.32.0
      '@rollup/rollup-freebsd-arm64': 4.32.0
      '@rollup/rollup-freebsd-x64': 4.32.0
      '@rollup/rollup-linux-arm-gnueabihf': 4.32.0
      '@rollup/rollup-linux-arm-musleabihf': 4.32.0
      '@rollup/rollup-linux-arm64-gnu': 4.32.0
      '@rollup/rollup-linux-arm64-musl': 4.32.0
      '@rollup/rollup-linux-loongarch64-gnu': 4.32.0
      '@rollup/rollup-linux-powerpc64le-gnu': 4.32.0
      '@rollup/rollup-linux-riscv64-gnu': 4.32.0
      '@rollup/rollup-linux-s390x-gnu': 4.32.0
      '@rollup/rollup-linux-x64-gnu': 4.32.0
      '@rollup/rollup-linux-x64-musl': 4.32.0
      '@rollup/rollup-win32-arm64-msvc': 4.32.0
      '@rollup/rollup-win32-ia32-msvc': 4.32.0
      '@rollup/rollup-win32-x64-msvc': 4.32.0
      fsevents: 2.3.3

  sade@1.8.1:
    dependencies:
      mri: 1.2.0

  schema-dts@1.1.2(typescript@5.7.3):
    dependencies:
      typescript: 5.7.3

  set-cookie-parser@2.7.1: {}

  sirv@3.0.0:
    dependencies:
      '@polka/url': 1.0.0-next.28
      mrmime: 2.0.0
      totalist: 3.0.1

  source-map-js@1.2.1: {}

  svelte-check@4.1.4(svelte@5.19.3)(typescript@5.7.3):
    dependencies:
      '@jridgewell/trace-mapping': 0.3.25
      chokidar: 4.0.3
      fdir: 6.4.3
      picocolors: 1.1.1
      sade: 1.8.1
      svelte: 5.19.3
      typescript: 5.7.3
    transitivePeerDependencies:
      - picomatch

  svelte-compare-slider@0.2.0(svelte@5.19.3):
    dependencies:
      svelte: 5.19.3

  svelte-meta-tags@4.1.0(svelte@5.19.3)(typescript@5.7.3):
    dependencies:
      schema-dts: 1.1.2(typescript@5.7.3)
      svelte: 5.19.3
    transitivePeerDependencies:
      - typescript

  svelte@5.19.3:
    dependencies:
      '@ampproject/remapping': 2.3.0
      '@jridgewell/sourcemap-codec': 1.5.0
      '@types/estree': 1.0.6
      acorn: 8.14.0
      acorn-typescript: 1.4.13(acorn@8.14.0)
      aria-query: 5.3.2
      axobject-query: 4.1.0
      clsx: 2.1.1
      esm-env: 1.2.2
      esrap: 1.4.3
      is-reference: 3.0.3
      locate-character: 3.0.0
      magic-string: 0.30.17
      zimmerframe: 1.1.2

  sveltekit-i18n@2.4.2(svelte@5.19.3):
    dependencies:
      '@sveltekit-i18n/base': 1.3.7(svelte@5.19.3)
      '@sveltekit-i18n/parser-default': 1.1.1
      svelte: 5.19.3

  tailwindcss@4.0.0: {}

  tapable@2.2.1: {}

  totalist@3.0.1: {}

  typescript@5.7.3: {}

  vite@6.0.11(jiti@2.4.2)(lightningcss@1.29.1)(yaml@2.7.0):
    dependencies:
      esbuild: 0.24.2
      postcss: 8.5.1
      rollup: 4.32.0
    optionalDependencies:
      fsevents: 2.3.3
      jiti: 2.4.2
      lightningcss: 1.29.1
      yaml: 2.7.0

  vitefu@1.0.5(vite@6.0.11(jiti@2.4.2)(lightningcss@1.29.1)(yaml@2.7.0)):
    optionalDependencies:
      vite: 6.0.11(jiti@2.4.2)(lightningcss@1.29.1)(yaml@2.7.0)

  yaml@2.7.0:
    optional: true

  zimmerframe@1.1.2: {}
